// !$*UTF8*$!
{
	archiveVersion = 1;
	classes = {
	};
	objectVersion = 46;
	objects = {

/* Begin PBXBuildFile section */
		D838CCFA1DD20CF1002AE07B /* AppDelegate.swift in Sources */ = {isa = PBXBuildFile; fileRef = D838CCF91DD20CF1002AE07B /* AppDelegate.swift */; };
		D838CCFC1DD20CF1002AE07B /* LeadersViewController.swift in Sources */ = {isa = PBXBuildFile; fileRef = D838CCFB1DD20CF1002AE07B /* LeadersViewController.swift */; };
		D838CCFE1DD20CF1002AE07B /* SocialViewController.swift in Sources */ = {isa = PBXBuildFile; fileRef = D838CCFD1DD20CF1002AE07B /* SocialViewController.swift */; };
		D838CD011DD20CF1002AE07B /* Main.storyboard in Resources */ = {isa = PBXBuildFile; fileRef = D838CCFF1DD20CF1002AE07B /* Main.storyboard */; };
		D838CD061DD20CF1002AE07B /* LaunchScreen.storyboard in Resources */ = {isa = PBXBuildFile; fileRef = D838CD041DD20CF1002AE07B /* LaunchScreen.storyboard */; };
		D838CD111DD20CF1002AE07B /* LocalLeadersTests.swift in Sources */ = {isa = PBXBuildFile; fileRef = D838CD101DD20CF1002AE07B /* LocalLeadersTests.swift */; };
		D838CD1C1DD20CF1002AE07B /* LocalLeadersUITests.swift in Sources */ = {isa = PBXBuildFile; fileRef = D838CD1B1DD20CF1002AE07B /* LocalLeadersUITests.swift */; };
		D838CD2B1DD20F27002AE07B /* SwiftyJSON.framework in Frameworks */ = {isa = PBXBuildFile; fileRef = D838CD2A1DD20F27002AE07B /* SwiftyJSON.framework */; };
		D838CD2E1DD211BC002AE07B /* Alamofire.framework in Frameworks */ = {isa = PBXBuildFile; fileRef = D838CD2D1DD211BC002AE07B /* Alamofire.framework */; };
		D84260C21DDCDECF00ACB2E3 /* Colours.plist in Resources */ = {isa = PBXBuildFile; fileRef = D84260C11DDCDECF00ACB2E3 /* Colours.plist */; };
		D84260C41DDCDF2D00ACB2E3 /* ThemeManager.swift in Sources */ = {isa = PBXBuildFile; fileRef = D84260C31DDCDF2D00ACB2E3 /* ThemeManager.swift */; };
		D84260C61DDCE6D700ACB2E3 /* UIColorUitls.swift in Sources */ = {isa = PBXBuildFile; fileRef = D84260C51DDCE6D700ACB2E3 /* UIColorUitls.swift */; };
		D84260C81DDCF55400ACB2E3 /* TabBarController.swift in Sources */ = {isa = PBXBuildFile; fileRef = D84260C71DDCF55400ACB2E3 /* TabBarController.swift */; };
		D84689471DD212E4004C7600 /* Assets.xcassets in Resources */ = {isa = PBXBuildFile; fileRef = D84689451DD212E4004C7600 /* Assets.xcassets */; };
		D84689B51DD21339004C7600 /* mla_with_id__104.jpg in Resources */ = {isa = PBXBuildFile; fileRef = D84689491DD21339004C7600 /* mla_with_id__104.jpg */; };
		D84689B61DD21339004C7600 /* mla_with_id__105.jpg in Resources */ = {isa = PBXBuildFile; fileRef = D846894A1DD21339004C7600 /* mla_with_id__105.jpg */; };
		D84689B71DD21339004C7600 /* mla_with_id__116.jpg in Resources */ = {isa = PBXBuildFile; fileRef = D846894B1DD21339004C7600 /* mla_with_id__116.jpg */; };
		D84689B81DD21339004C7600 /* mla_with_id__127.jpg in Resources */ = {isa = PBXBuildFile; fileRef = D846894C1DD21339004C7600 /* mla_with_id__127.jpg */; };
		D84689B91DD21339004C7600 /* mla_with_id__131.jpg in Resources */ = {isa = PBXBuildFile; fileRef = D846894D1DD21339004C7600 /* mla_with_id__131.jpg */; };
		D84689BA1DD21339004C7600 /* mla_with_id__133.jpg in Resources */ = {isa = PBXBuildFile; fileRef = D846894E1DD21339004C7600 /* mla_with_id__133.jpg */; };
		D84689BB1DD21339004C7600 /* mla_with_id__137.jpg in Resources */ = {isa = PBXBuildFile; fileRef = D846894F1DD21339004C7600 /* mla_with_id__137.jpg */; };
		D84689BC1DD21339004C7600 /* mla_with_id__138.jpg in Resources */ = {isa = PBXBuildFile; fileRef = D84689501DD21339004C7600 /* mla_with_id__138.jpg */; };
		D84689BD1DD21339004C7600 /* mla_with_id__139.jpg in Resources */ = {isa = PBXBuildFile; fileRef = D84689511DD21339004C7600 /* mla_with_id__139.jpg */; };
		D84689BE1DD21339004C7600 /* mla_with_id__140.jpg in Resources */ = {isa = PBXBuildFile; fileRef = D84689521DD21339004C7600 /* mla_with_id__140.jpg */; };
		D84689BF1DD21339004C7600 /* mla_with_id__141.jpg in Resources */ = {isa = PBXBuildFile; fileRef = D84689531DD21339004C7600 /* mla_with_id__141.jpg */; };
		D84689C01DD21339004C7600 /* mla_with_id__144.jpg in Resources */ = {isa = PBXBuildFile; fileRef = D84689541DD21339004C7600 /* mla_with_id__144.jpg */; };
		D84689C11DD21339004C7600 /* mla_with_id__145.jpg in Resources */ = {isa = PBXBuildFile; fileRef = D84689551DD21339004C7600 /* mla_with_id__145.jpg */; };
		D84689C21DD21339004C7600 /* mla_with_id__150.jpg in Resources */ = {isa = PBXBuildFile; fileRef = D84689561DD21339004C7600 /* mla_with_id__150.jpg */; };
		D84689C31DD21339004C7600 /* mla_with_id__151.jpg in Resources */ = {isa = PBXBuildFile; fileRef = D84689571DD21339004C7600 /* mla_with_id__151.jpg */; };
		D84689C41DD21339004C7600 /* mla_with_id__154.jpg in Resources */ = {isa = PBXBuildFile; fileRef = D84689581DD21339004C7600 /* mla_with_id__154.jpg */; };
		D84689C51DD21339004C7600 /* mla_with_id__155.jpg in Resources */ = {isa = PBXBuildFile; fileRef = D84689591DD21339004C7600 /* mla_with_id__155.jpg */; };
		D84689C61DD21339004C7600 /* mla_with_id__180.jpg in Resources */ = {isa = PBXBuildFile; fileRef = D846895A1DD21339004C7600 /* mla_with_id__180.jpg */; };
		D84689C71DD21339004C7600 /* mla_with_id__1931.jpg in Resources */ = {isa = PBXBuildFile; fileRef = D846895B1DD21339004C7600 /* mla_with_id__1931.jpg */; };
		D84689C81DD21339004C7600 /* mla_with_id__194.jpg in Resources */ = {isa = PBXBuildFile; fileRef = D846895C1DD21339004C7600 /* mla_with_id__194.jpg */; };
		D84689C91DD21339004C7600 /* mla_with_id__198.jpg in Resources */ = {isa = PBXBuildFile; fileRef = D846895D1DD21339004C7600 /* mla_with_id__198.jpg */; };
		D84689CA1DD21339004C7600 /* mla_with_id__200.jpg in Resources */ = {isa = PBXBuildFile; fileRef = D846895E1DD21339004C7600 /* mla_with_id__200.jpg */; };
		D84689CB1DD21339004C7600 /* mla_with_id__201.jpg in Resources */ = {isa = PBXBuildFile; fileRef = D846895F1DD21339004C7600 /* mla_with_id__201.jpg */; };
		D84689CC1DD21339004C7600 /* mla_with_id__203.jpg in Resources */ = {isa = PBXBuildFile; fileRef = D84689601DD21339004C7600 /* mla_with_id__203.jpg */; };
		D84689CD1DD21339004C7600 /* mla_with_id__204.jpg in Resources */ = {isa = PBXBuildFile; fileRef = D84689611DD21339004C7600 /* mla_with_id__204.jpg */; };
		D84689CE1DD21339004C7600 /* mla_with_id__208.jpg in Resources */ = {isa = PBXBuildFile; fileRef = D84689621DD21339004C7600 /* mla_with_id__208.jpg */; };
		D84689CF1DD21339004C7600 /* mla_with_id__2082.jpg in Resources */ = {isa = PBXBuildFile; fileRef = D84689631DD21339004C7600 /* mla_with_id__2082.jpg */; };
		D84689D01DD21339004C7600 /* mla_with_id__212.jpg in Resources */ = {isa = PBXBuildFile; fileRef = D84689641DD21339004C7600 /* mla_with_id__212.jpg */; };
		D84689D11DD21339004C7600 /* mla_with_id__215.jpg in Resources */ = {isa = PBXBuildFile; fileRef = D84689651DD21339004C7600 /* mla_with_id__215.jpg */; };
		D84689D21DD21339004C7600 /* mla_with_id__2150.jpg in Resources */ = {isa = PBXBuildFile; fileRef = D84689661DD21339004C7600 /* mla_with_id__2150.jpg */; };
		D84689D31DD21339004C7600 /* mla_with_id__216.jpg in Resources */ = {isa = PBXBuildFile; fileRef = D84689671DD21339004C7600 /* mla_with_id__216.jpg */; };
		D84689D41DD21339004C7600 /* mla_with_id__219.jpg in Resources */ = {isa = PBXBuildFile; fileRef = D84689681DD21339004C7600 /* mla_with_id__219.jpg */; };
		D84689D51DD21339004C7600 /* mla_with_id__2324.jpg in Resources */ = {isa = PBXBuildFile; fileRef = D84689691DD21339004C7600 /* mla_with_id__2324.jpg */; };
		D84689D61DD21339004C7600 /* mla_with_id__2326.jpg in Resources */ = {isa = PBXBuildFile; fileRef = D846896A1DD21339004C7600 /* mla_with_id__2326.jpg */; };
		D84689D71DD21339004C7600 /* mla_with_id__259.jpg in Resources */ = {isa = PBXBuildFile; fileRef = D846896B1DD21339004C7600 /* mla_with_id__259.jpg */; };
		D84689D81DD21339004C7600 /* mla_with_id__268.jpg in Resources */ = {isa = PBXBuildFile; fileRef = D846896C1DD21339004C7600 /* mla_with_id__268.jpg */; };
		D84689D91DD21339004C7600 /* mla_with_id__269.jpg in Resources */ = {isa = PBXBuildFile; fileRef = D846896D1DD21339004C7600 /* mla_with_id__269.jpg */; };
		D84689DA1DD21339004C7600 /* mla_with_id__271.jpg in Resources */ = {isa = PBXBuildFile; fileRef = D846896E1DD21339004C7600 /* mla_with_id__271.jpg */; };
		D84689DB1DD21339004C7600 /* mla_with_id__272.jpg in Resources */ = {isa = PBXBuildFile; fileRef = D846896F1DD21339004C7600 /* mla_with_id__272.jpg */; };
		D84689DC1DD21339004C7600 /* mla_with_id__274.jpg in Resources */ = {isa = PBXBuildFile; fileRef = D84689701DD21339004C7600 /* mla_with_id__274.jpg */; };
		D84689DD1DD21339004C7600 /* mla_with_id__281.jpg in Resources */ = {isa = PBXBuildFile; fileRef = D84689711DD21339004C7600 /* mla_with_id__281.jpg */; };
		D84689DE1DD21339004C7600 /* mla_with_id__287.jpg in Resources */ = {isa = PBXBuildFile; fileRef = D84689721DD21339004C7600 /* mla_with_id__287.jpg */; };
		D84689DF1DD21339004C7600 /* mla_with_id__288.jpg in Resources */ = {isa = PBXBuildFile; fileRef = D84689731DD21339004C7600 /* mla_with_id__288.jpg */; };
		D84689E01DD21339004C7600 /* mla_with_id__289.jpg in Resources */ = {isa = PBXBuildFile; fileRef = D84689741DD21339004C7600 /* mla_with_id__289.jpg */; };
		D84689E11DD21339004C7600 /* mla_with_id__290.jpg in Resources */ = {isa = PBXBuildFile; fileRef = D84689751DD21339004C7600 /* mla_with_id__290.jpg */; };
		D84689E21DD21339004C7600 /* mla_with_id__292.jpg in Resources */ = {isa = PBXBuildFile; fileRef = D84689761DD21339004C7600 /* mla_with_id__292.jpg */; };
		D84689E31DD21339004C7600 /* mla_with_id__293.jpg in Resources */ = {isa = PBXBuildFile; fileRef = D84689771DD21339004C7600 /* mla_with_id__293.jpg */; };
		D84689E41DD21339004C7600 /* mla_with_id__298.jpg in Resources */ = {isa = PBXBuildFile; fileRef = D84689781DD21339004C7600 /* mla_with_id__298.jpg */; };
		D84689E51DD21339004C7600 /* mla_with_id__299.jpg in Resources */ = {isa = PBXBuildFile; fileRef = D84689791DD21339004C7600 /* mla_with_id__299.jpg */; };
		D84689E61DD21339004C7600 /* mla_with_id__300.jpg in Resources */ = {isa = PBXBuildFile; fileRef = D846897A1DD21339004C7600 /* mla_with_id__300.jpg */; };
		D84689E71DD21339004C7600 /* mla_with_id__301.jpg in Resources */ = {isa = PBXBuildFile; fileRef = D846897B1DD21339004C7600 /* mla_with_id__301.jpg */; };
		D84689E81DD21339004C7600 /* mla_with_id__302.jpg in Resources */ = {isa = PBXBuildFile; fileRef = D846897C1DD21339004C7600 /* mla_with_id__302.jpg */; };
		D84689E91DD21339004C7600 /* mla_with_id__303.jpg in Resources */ = {isa = PBXBuildFile; fileRef = D846897D1DD21339004C7600 /* mla_with_id__303.jpg */; };
		D84689EA1DD21339004C7600 /* mla_with_id__304.jpg in Resources */ = {isa = PBXBuildFile; fileRef = D846897E1DD21339004C7600 /* mla_with_id__304.jpg */; };
		D84689EB1DD21339004C7600 /* mla_with_id__305.jpg in Resources */ = {isa = PBXBuildFile; fileRef = D846897F1DD21339004C7600 /* mla_with_id__305.jpg */; };
		D84689EC1DD21339004C7600 /* mla_with_id__306.jpg in Resources */ = {isa = PBXBuildFile; fileRef = D84689801DD21339004C7600 /* mla_with_id__306.jpg */; };
		D84689ED1DD21339004C7600 /* mla_with_id__307.jpg in Resources */ = {isa = PBXBuildFile; fileRef = D84689811DD21339004C7600 /* mla_with_id__307.jpg */; };
		D84689EE1DD21339004C7600 /* mla_with_id__308.jpg in Resources */ = {isa = PBXBuildFile; fileRef = D84689821DD21339004C7600 /* mla_with_id__308.jpg */; };
		D84689EF1DD21339004C7600 /* mla_with_id__3083.jpg in Resources */ = {isa = PBXBuildFile; fileRef = D84689831DD21339004C7600 /* mla_with_id__3083.jpg */; };
		D84689F01DD21339004C7600 /* mla_with_id__309.jpg in Resources */ = {isa = PBXBuildFile; fileRef = D84689841DD21339004C7600 /* mla_with_id__309.jpg */; };
		D84689F11DD21339004C7600 /* mla_with_id__3328.jpg in Resources */ = {isa = PBXBuildFile; fileRef = D84689851DD21339004C7600 /* mla_with_id__3328.jpg */; };
		D84689F21DD21339004C7600 /* mla_with_id__37.jpg in Resources */ = {isa = PBXBuildFile; fileRef = D84689861DD21339004C7600 /* mla_with_id__37.jpg */; };
		D84689F31DD21339004C7600 /* mla_with_id__41.jpg in Resources */ = {isa = PBXBuildFile; fileRef = D84689871DD21339004C7600 /* mla_with_id__41.jpg */; };
		D84689F41DD21339004C7600 /* mla_with_id__4145.jpg in Resources */ = {isa = PBXBuildFile; fileRef = D84689881DD21339004C7600 /* mla_with_id__4145.jpg */; };
		D84689F51DD21339004C7600 /* mla_with_id__4465.jpg in Resources */ = {isa = PBXBuildFile; fileRef = D84689891DD21339004C7600 /* mla_with_id__4465.jpg */; };
		D84689F61DD21339004C7600 /* mla_with_id__4541.jpg in Resources */ = {isa = PBXBuildFile; fileRef = D846898A1DD21339004C7600 /* mla_with_id__4541.jpg */; };
		D84689F71DD21339004C7600 /* mla_with_id__47.jpg in Resources */ = {isa = PBXBuildFile; fileRef = D846898B1DD21339004C7600 /* mla_with_id__47.jpg */; };
		D84689F81DD21339004C7600 /* mla_with_id__5043.jpg in Resources */ = {isa = PBXBuildFile; fileRef = D846898C1DD21339004C7600 /* mla_with_id__5043.jpg */; };
		D84689F91DD21339004C7600 /* mla_with_id__5223.jpg in Resources */ = {isa = PBXBuildFile; fileRef = D846898D1DD21339004C7600 /* mla_with_id__5223.jpg */; };
		D84689FA1DD21339004C7600 /* mla_with_id__5251.jpg in Resources */ = {isa = PBXBuildFile; fileRef = D846898E1DD21339004C7600 /* mla_with_id__5251.jpg */; };
		D84689FB1DD21339004C7600 /* mla_with_id__53.jpg in Resources */ = {isa = PBXBuildFile; fileRef = D846898F1DD21339004C7600 /* mla_with_id__53.jpg */; };
		D84689FC1DD21339004C7600 /* mla_with_id__5307.jpg in Resources */ = {isa = PBXBuildFile; fileRef = D84689901DD21339004C7600 /* mla_with_id__5307.jpg */; };
		D84689FD1DD21339004C7600 /* mla_with_id__5333.jpg in Resources */ = {isa = PBXBuildFile; fileRef = D84689911DD21339004C7600 /* mla_with_id__5333.jpg */; };
		D84689FE1DD21339004C7600 /* mla_with_id__55.jpg in Resources */ = {isa = PBXBuildFile; fileRef = D84689921DD21339004C7600 /* mla_with_id__55.jpg */; };
		D84689FF1DD21339004C7600 /* mla_with_id__5595.jpg in Resources */ = {isa = PBXBuildFile; fileRef = D84689931DD21339004C7600 /* mla_with_id__5595.jpg */; };
		D8468A001DD21339004C7600 /* mla_with_id__5785.jpg in Resources */ = {isa = PBXBuildFile; fileRef = D84689941DD21339004C7600 /* mla_with_id__5785.jpg */; };
		D8468A011DD21339004C7600 /* mla_with_id__5786.jpg in Resources */ = {isa = PBXBuildFile; fileRef = D84689951DD21339004C7600 /* mla_with_id__5786.jpg */; };
		D8468A021DD21339004C7600 /* mla_with_id__5787.jpg in Resources */ = {isa = PBXBuildFile; fileRef = D84689961DD21339004C7600 /* mla_with_id__5787.jpg */; };
		D8468A031DD21339004C7600 /* mla_with_id__5789.jpg in Resources */ = {isa = PBXBuildFile; fileRef = D84689971DD21339004C7600 /* mla_with_id__5789.jpg */; };
		D8468A041DD21339004C7600 /* mla_with_id__5790.jpg in Resources */ = {isa = PBXBuildFile; fileRef = D84689981DD21339004C7600 /* mla_with_id__5790.jpg */; };
		D8468A051DD2133A004C7600 /* mla_with_id__5791.jpg in Resources */ = {isa = PBXBuildFile; fileRef = D84689991DD21339004C7600 /* mla_with_id__5791.jpg */; };
		D8468A061DD2133A004C7600 /* mla_with_id__5792.jpg in Resources */ = {isa = PBXBuildFile; fileRef = D846899A1DD21339004C7600 /* mla_with_id__5792.jpg */; };
		D8468A071DD2133A004C7600 /* mla_with_id__5793.jpg in Resources */ = {isa = PBXBuildFile; fileRef = D846899B1DD21339004C7600 /* mla_with_id__5793.jpg */; };
		D8468A081DD2133A004C7600 /* mla_with_id__5794.jpg in Resources */ = {isa = PBXBuildFile; fileRef = D846899C1DD21339004C7600 /* mla_with_id__5794.jpg */; };
		D8468A091DD2133A004C7600 /* mla_with_id__5795.jpg in Resources */ = {isa = PBXBuildFile; fileRef = D846899D1DD21339004C7600 /* mla_with_id__5795.jpg */; };
		D8468A0A1DD2133A004C7600 /* mla_with_id__5796.jpg in Resources */ = {isa = PBXBuildFile; fileRef = D846899E1DD21339004C7600 /* mla_with_id__5796.jpg */; };
		D8468A0B1DD2133A004C7600 /* mla_with_id__5797.jpg in Resources */ = {isa = PBXBuildFile; fileRef = D846899F1DD21339004C7600 /* mla_with_id__5797.jpg */; };
		D8468A0C1DD2133A004C7600 /* mla_with_id__5798.jpg in Resources */ = {isa = PBXBuildFile; fileRef = D84689A01DD21339004C7600 /* mla_with_id__5798.jpg */; };
		D8468A0D1DD2133A004C7600 /* mla_with_id__5799.jpg in Resources */ = {isa = PBXBuildFile; fileRef = D84689A11DD21339004C7600 /* mla_with_id__5799.jpg */; };
		D8468A0E1DD2133A004C7600 /* mla_with_id__5800.jpg in Resources */ = {isa = PBXBuildFile; fileRef = D84689A21DD21339004C7600 /* mla_with_id__5800.jpg */; };
		D8468A0F1DD2133A004C7600 /* mla_with_id__5801.jpg in Resources */ = {isa = PBXBuildFile; fileRef = D84689A31DD21339004C7600 /* mla_with_id__5801.jpg */; };
		D8468A101DD2133A004C7600 /* mla_with_id__5802.jpg in Resources */ = {isa = PBXBuildFile; fileRef = D84689A41DD21339004C7600 /* mla_with_id__5802.jpg */; };
		D8468A111DD2133A004C7600 /* mla_with_id__5803.jpg in Resources */ = {isa = PBXBuildFile; fileRef = D84689A51DD21339004C7600 /* mla_with_id__5803.jpg */; };
		D8468A121DD2133A004C7600 /* mla_with_id__5804.jpg in Resources */ = {isa = PBXBuildFile; fileRef = D84689A61DD21339004C7600 /* mla_with_id__5804.jpg */; };
		D8468A131DD2133A004C7600 /* mla_with_id__5805.jpg in Resources */ = {isa = PBXBuildFile; fileRef = D84689A71DD21339004C7600 /* mla_with_id__5805.jpg */; };
		D8468A141DD2133A004C7600 /* mla_with_id__5806.jpg in Resources */ = {isa = PBXBuildFile; fileRef = D84689A81DD21339004C7600 /* mla_with_id__5806.jpg */; };
		D8468A151DD2133A004C7600 /* mla_with_id__5807.jpg in Resources */ = {isa = PBXBuildFile; fileRef = D84689A91DD21339004C7600 /* mla_with_id__5807.jpg */; };
		D8468A161DD2133A004C7600 /* mla_with_id__5808.jpg in Resources */ = {isa = PBXBuildFile; fileRef = D84689AA1DD21339004C7600 /* mla_with_id__5808.jpg */; };
		D8468A171DD2133A004C7600 /* mla_with_id__5809.jpg in Resources */ = {isa = PBXBuildFile; fileRef = D84689AB1DD21339004C7600 /* mla_with_id__5809.jpg */; };
		D8468A181DD2133A004C7600 /* mla_with_id__5811.jpg in Resources */ = {isa = PBXBuildFile; fileRef = D84689AC1DD21339004C7600 /* mla_with_id__5811.jpg */; };
		D8468A191DD2133A004C7600 /* mla_with_id__60.jpg in Resources */ = {isa = PBXBuildFile; fileRef = D84689AD1DD21339004C7600 /* mla_with_id__60.jpg */; };
		D8468A1A1DD2133A004C7600 /* mla_with_id__67.jpg in Resources */ = {isa = PBXBuildFile; fileRef = D84689AE1DD21339004C7600 /* mla_with_id__67.jpg */; };
		D8468A1B1DD2133A004C7600 /* mla_with_id__7.jpg in Resources */ = {isa = PBXBuildFile; fileRef = D84689AF1DD21339004C7600 /* mla_with_id__7.jpg */; };
		D8468A1C1DD2133A004C7600 /* mla_with_id__71.jpg in Resources */ = {isa = PBXBuildFile; fileRef = D84689B01DD21339004C7600 /* mla_with_id__71.jpg */; };
		D8468A1D1DD2133A004C7600 /* mla_with_id__79.jpg in Resources */ = {isa = PBXBuildFile; fileRef = D84689B11DD21339004C7600 /* mla_with_id__79.jpg */; };
		D8468A1E1DD2133A004C7600 /* mla_with_id__8.jpg in Resources */ = {isa = PBXBuildFile; fileRef = D84689B21DD21339004C7600 /* mla_with_id__8.jpg */; };
		D8468A1F1DD2133A004C7600 /* mla_with_id__80.jpg in Resources */ = {isa = PBXBuildFile; fileRef = D84689B31DD21339004C7600 /* mla_with_id__80.jpg */; };
		D8468A201DD2133A004C7600 /* mla_with_id__90.jpg in Resources */ = {isa = PBXBuildFile; fileRef = D84689B41DD21339004C7600 /* mla_with_id__90.jpg */; };
		D8520FE81DD3FCE60083B056 /* ParserUtils.swift in Sources */ = {isa = PBXBuildFile; fileRef = D8520FE71DD3FCE60083B056 /* ParserUtils.swift */; };
		D8600B141F4CF8D900678746 /* elected-candidates.csv in Resources */ = {isa = PBXBuildFile; fileRef = D8600B131F4CF8D900678746 /* elected-candidates.csv */; };
		D8934BBC1DDB744800A0534E /* LeaderCell.swift in Sources */ = {isa = PBXBuildFile; fileRef = D8934BBB1DDB744800A0534E /* LeaderCell.swift */; };
		D8AE2E891DD3C57C006C2C47 /* BaseViewController.swift in Sources */ = {isa = PBXBuildFile; fileRef = D8AE2E881DD3C57C006C2C47 /* BaseViewController.swift */; };
		D8AE2E8C1DD3C691006C2C47 /* LocalLeadersAPI.swift in Sources */ = {isa = PBXBuildFile; fileRef = D8AE2E8B1DD3C691006C2C47 /* LocalLeadersAPI.swift */; };
		D8D0100D1DD397C2003432B6 /* Realm.framework in Frameworks */ = {isa = PBXBuildFile; fileRef = D8D0100B1DD397C2003432B6 /* Realm.framework */; };
		D8D0100E1DD397C2003432B6 /* RealmSwift.framework in Frameworks */ = {isa = PBXBuildFile; fileRef = D8D0100C1DD397C2003432B6 /* RealmSwift.framework */; };
		D8D010111DD397DE003432B6 /* Realm.framework in CopyFiles */ = {isa = PBXBuildFile; fileRef = D8D0100B1DD397C2003432B6 /* Realm.framework */; settings = {ATTRIBUTES = (CodeSignOnCopy, RemoveHeadersOnCopy, ); }; };
		D8D010121DD397DE003432B6 /* RealmSwift.framework in CopyFiles */ = {isa = PBXBuildFile; fileRef = D8D0100C1DD397C2003432B6 /* RealmSwift.framework */; settings = {ATTRIBUTES = (CodeSignOnCopy, RemoveHeadersOnCopy, ); }; };
		D8D010131DD397DE003432B6 /* Alamofire.framework in CopyFiles */ = {isa = PBXBuildFile; fileRef = D838CD2D1DD211BC002AE07B /* Alamofire.framework */; settings = {ATTRIBUTES = (CodeSignOnCopy, RemoveHeadersOnCopy, ); }; };
		D8D010141DD397DE003432B6 /* SwiftyJSON.framework in CopyFiles */ = {isa = PBXBuildFile; fileRef = D838CD2A1DD20F27002AE07B /* SwiftyJSON.framework */; settings = {ATTRIBUTES = (CodeSignOnCopy, RemoveHeadersOnCopy, ); }; };
		D8D010161DD3984F003432B6 /* BaseRealmObject.swift in Sources */ = {isa = PBXBuildFile; fileRef = D8D010151DD3984F003432B6 /* BaseRealmObject.swift */; };
		D8D010181DD398A9003432B6 /* LeaderRecord.swift in Sources */ = {isa = PBXBuildFile; fileRef = D8D010171DD398A9003432B6 /* LeaderRecord.swift */; };
		D8D0101B1DD3993C003432B6 /* PartyRecord.swift in Sources */ = {isa = PBXBuildFile; fileRef = D8D0101A1DD3993C003432B6 /* PartyRecord.swift */; };
/* End PBXBuildFile section */

/* Begin PBXContainerItemProxy section */
		D838CD0D1DD20CF1002AE07B /* PBXContainerItemProxy */ = {
			isa = PBXContainerItemProxy;
			containerPortal = D838CCEE1DD20CF0002AE07B /* Project object */;
			proxyType = 1;
			remoteGlobalIDString = D838CCF51DD20CF1002AE07B;
			remoteInfo = LocalLeaders;
		};
		D838CD181DD20CF1002AE07B /* PBXContainerItemProxy */ = {
			isa = PBXContainerItemProxy;
			containerPortal = D838CCEE1DD20CF0002AE07B /* Project object */;
			proxyType = 1;
			remoteGlobalIDString = D838CCF51DD20CF1002AE07B;
			remoteInfo = LocalLeaders;
		};
/* End PBXContainerItemProxy section */

/* Begin PBXCopyFilesBuildPhase section */
		D8D010101DD397D5003432B6 /* CopyFiles */ = {
			isa = PBXCopyFilesBuildPhase;
			buildActionMask = 2147483647;
			dstPath = "";
			dstSubfolderSpec = 10;
			files = (
				D8D010111DD397DE003432B6 /* Realm.framework in CopyFiles */,
				D8D010121DD397DE003432B6 /* RealmSwift.framework in CopyFiles */,
				D8D010131DD397DE003432B6 /* Alamofire.framework in CopyFiles */,
				D8D010141DD397DE003432B6 /* SwiftyJSON.framework in CopyFiles */,
			);
			runOnlyForDeploymentPostprocessing = 0;
		};
/* End PBXCopyFilesBuildPhase section */

/* Begin PBXFileReference section */
		D838CCF61DD20CF1002AE07B /* LocalLeaders.app */ = {isa = PBXFileReference; explicitFileType = wrapper.application; includeInIndex = 0; path = LocalLeaders.app; sourceTree = BUILT_PRODUCTS_DIR; };
		D838CCF91DD20CF1002AE07B /* AppDelegate.swift */ = {isa = PBXFileReference; lastKnownFileType = sourcecode.swift; path = AppDelegate.swift; sourceTree = "<group>"; };
		D838CCFB1DD20CF1002AE07B /* LeadersViewController.swift */ = {isa = PBXFileReference; lastKnownFileType = sourcecode.swift; path = LeadersViewController.swift; sourceTree = "<group>"; };
		D838CCFD1DD20CF1002AE07B /* SocialViewController.swift */ = {isa = PBXFileReference; lastKnownFileType = sourcecode.swift; path = SocialViewController.swift; sourceTree = "<group>"; };
		D838CD001DD20CF1002AE07B /* Base */ = {isa = PBXFileReference; lastKnownFileType = file.storyboard; name = Base; path = Base.lproj/Main.storyboard; sourceTree = "<group>"; };
		D838CD051DD20CF1002AE07B /* Base */ = {isa = PBXFileReference; lastKnownFileType = file.storyboard; name = Base; path = Base.lproj/LaunchScreen.storyboard; sourceTree = "<group>"; };
		D838CD071DD20CF1002AE07B /* Info.plist */ = {isa = PBXFileReference; lastKnownFileType = text.plist.xml; path = Info.plist; sourceTree = "<group>"; };
		D838CD0C1DD20CF1002AE07B /* LocalLeadersTests.xctest */ = {isa = PBXFileReference; explicitFileType = wrapper.cfbundle; includeInIndex = 0; path = LocalLeadersTests.xctest; sourceTree = BUILT_PRODUCTS_DIR; };
		D838CD101DD20CF1002AE07B /* LocalLeadersTests.swift */ = {isa = PBXFileReference; lastKnownFileType = sourcecode.swift; path = LocalLeadersTests.swift; sourceTree = "<group>"; };
		D838CD121DD20CF1002AE07B /* Info.plist */ = {isa = PBXFileReference; lastKnownFileType = text.plist.xml; path = Info.plist; sourceTree = "<group>"; };
		D838CD171DD20CF1002AE07B /* LocalLeadersUITests.xctest */ = {isa = PBXFileReference; explicitFileType = wrapper.cfbundle; includeInIndex = 0; path = LocalLeadersUITests.xctest; sourceTree = BUILT_PRODUCTS_DIR; };
		D838CD1B1DD20CF1002AE07B /* LocalLeadersUITests.swift */ = {isa = PBXFileReference; lastKnownFileType = sourcecode.swift; path = LocalLeadersUITests.swift; sourceTree = "<group>"; };
		D838CD1D1DD20CF1002AE07B /* Info.plist */ = {isa = PBXFileReference; lastKnownFileType = text.plist.xml; path = Info.plist; sourceTree = "<group>"; };
		D838CD2A1DD20F27002AE07B /* SwiftyJSON.framework */ = {isa = PBXFileReference; lastKnownFileType = wrapper.framework; name = SwiftyJSON.framework; path = Carthage/Build/iOS/SwiftyJSON.framework; sourceTree = "<group>"; };
		D838CD2D1DD211BC002AE07B /* Alamofire.framework */ = {isa = PBXFileReference; lastKnownFileType = wrapper.framework; name = Alamofire.framework; path = Carthage/Build/iOS/Alamofire.framework; sourceTree = "<group>"; };
		D84260C11DDCDECF00ACB2E3 /* Colours.plist */ = {isa = PBXFileReference; fileEncoding = 4; lastKnownFileType = text.plist.xml; path = Colours.plist; sourceTree = "<group>"; };
		D84260C31DDCDF2D00ACB2E3 /* ThemeManager.swift */ = {isa = PBXFileReference; fileEncoding = 4; lastKnownFileType = sourcecode.swift; path = ThemeManager.swift; sourceTree = "<group>"; };
		D84260C51DDCE6D700ACB2E3 /* UIColorUitls.swift */ = {isa = PBXFileReference; fileEncoding = 4; lastKnownFileType = sourcecode.swift; path = UIColorUitls.swift; sourceTree = "<group>"; };
		D84260C71DDCF55400ACB2E3 /* TabBarController.swift */ = {isa = PBXFileReference; fileEncoding = 4; lastKnownFileType = sourcecode.swift; path = TabBarController.swift; sourceTree = "<group>"; };
		D84689451DD212E4004C7600 /* Assets.xcassets */ = {isa = PBXFileReference; lastKnownFileType = folder.assetcatalog; path = Assets.xcassets; sourceTree = "<group>"; };
		D84689491DD21339004C7600 /* mla_with_id__104.jpg */ = {isa = PBXFileReference; lastKnownFileType = image.jpeg; path = mla_with_id__104.jpg; sourceTree = "<group>"; };
		D846894A1DD21339004C7600 /* mla_with_id__105.jpg */ = {isa = PBXFileReference; lastKnownFileType = image.jpeg; path = mla_with_id__105.jpg; sourceTree = "<group>"; };
		D846894B1DD21339004C7600 /* mla_with_id__116.jpg */ = {isa = PBXFileReference; lastKnownFileType = image.jpeg; path = mla_with_id__116.jpg; sourceTree = "<group>"; };
		D846894C1DD21339004C7600 /* mla_with_id__127.jpg */ = {isa = PBXFileReference; lastKnownFileType = image.jpeg; path = mla_with_id__127.jpg; sourceTree = "<group>"; };
		D846894D1DD21339004C7600 /* mla_with_id__131.jpg */ = {isa = PBXFileReference; lastKnownFileType = image.jpeg; path = mla_with_id__131.jpg; sourceTree = "<group>"; };
		D846894E1DD21339004C7600 /* mla_with_id__133.jpg */ = {isa = PBXFileReference; lastKnownFileType = image.jpeg; path = mla_with_id__133.jpg; sourceTree = "<group>"; };
		D846894F1DD21339004C7600 /* mla_with_id__137.jpg */ = {isa = PBXFileReference; lastKnownFileType = image.jpeg; path = mla_with_id__137.jpg; sourceTree = "<group>"; };
		D84689501DD21339004C7600 /* mla_with_id__138.jpg */ = {isa = PBXFileReference; lastKnownFileType = image.jpeg; path = mla_with_id__138.jpg; sourceTree = "<group>"; };
		D84689511DD21339004C7600 /* mla_with_id__139.jpg */ = {isa = PBXFileReference; lastKnownFileType = image.jpeg; path = mla_with_id__139.jpg; sourceTree = "<group>"; };
		D84689521DD21339004C7600 /* mla_with_id__140.jpg */ = {isa = PBXFileReference; lastKnownFileType = image.jpeg; path = mla_with_id__140.jpg; sourceTree = "<group>"; };
		D84689531DD21339004C7600 /* mla_with_id__141.jpg */ = {isa = PBXFileReference; lastKnownFileType = image.jpeg; path = mla_with_id__141.jpg; sourceTree = "<group>"; };
		D84689541DD21339004C7600 /* mla_with_id__144.jpg */ = {isa = PBXFileReference; lastKnownFileType = image.jpeg; path = mla_with_id__144.jpg; sourceTree = "<group>"; };
		D84689551DD21339004C7600 /* mla_with_id__145.jpg */ = {isa = PBXFileReference; lastKnownFileType = image.jpeg; path = mla_with_id__145.jpg; sourceTree = "<group>"; };
		D84689561DD21339004C7600 /* mla_with_id__150.jpg */ = {isa = PBXFileReference; lastKnownFileType = image.jpeg; path = mla_with_id__150.jpg; sourceTree = "<group>"; };
		D84689571DD21339004C7600 /* mla_with_id__151.jpg */ = {isa = PBXFileReference; lastKnownFileType = image.jpeg; path = mla_with_id__151.jpg; sourceTree = "<group>"; };
		D84689581DD21339004C7600 /* mla_with_id__154.jpg */ = {isa = PBXFileReference; lastKnownFileType = image.jpeg; path = mla_with_id__154.jpg; sourceTree = "<group>"; };
		D84689591DD21339004C7600 /* mla_with_id__155.jpg */ = {isa = PBXFileReference; lastKnownFileType = image.jpeg; path = mla_with_id__155.jpg; sourceTree = "<group>"; };
		D846895A1DD21339004C7600 /* mla_with_id__180.jpg */ = {isa = PBXFileReference; lastKnownFileType = image.jpeg; path = mla_with_id__180.jpg; sourceTree = "<group>"; };
		D846895B1DD21339004C7600 /* mla_with_id__1931.jpg */ = {isa = PBXFileReference; lastKnownFileType = image.jpeg; path = mla_with_id__1931.jpg; sourceTree = "<group>"; };
		D846895C1DD21339004C7600 /* mla_with_id__194.jpg */ = {isa = PBXFileReference; lastKnownFileType = image.jpeg; path = mla_with_id__194.jpg; sourceTree = "<group>"; };
		D846895D1DD21339004C7600 /* mla_with_id__198.jpg */ = {isa = PBXFileReference; lastKnownFileType = image.jpeg; path = mla_with_id__198.jpg; sourceTree = "<group>"; };
		D846895E1DD21339004C7600 /* mla_with_id__200.jpg */ = {isa = PBXFileReference; lastKnownFileType = image.jpeg; path = mla_with_id__200.jpg; sourceTree = "<group>"; };
		D846895F1DD21339004C7600 /* mla_with_id__201.jpg */ = {isa = PBXFileReference; lastKnownFileType = image.jpeg; path = mla_with_id__201.jpg; sourceTree = "<group>"; };
		D84689601DD21339004C7600 /* mla_with_id__203.jpg */ = {isa = PBXFileReference; lastKnownFileType = image.jpeg; path = mla_with_id__203.jpg; sourceTree = "<group>"; };
		D84689611DD21339004C7600 /* mla_with_id__204.jpg */ = {isa = PBXFileReference; lastKnownFileType = image.jpeg; path = mla_with_id__204.jpg; sourceTree = "<group>"; };
		D84689621DD21339004C7600 /* mla_with_id__208.jpg */ = {isa = PBXFileReference; lastKnownFileType = image.jpeg; path = mla_with_id__208.jpg; sourceTree = "<group>"; };
		D84689631DD21339004C7600 /* mla_with_id__2082.jpg */ = {isa = PBXFileReference; lastKnownFileType = image.jpeg; path = mla_with_id__2082.jpg; sourceTree = "<group>"; };
		D84689641DD21339004C7600 /* mla_with_id__212.jpg */ = {isa = PBXFileReference; lastKnownFileType = image.jpeg; path = mla_with_id__212.jpg; sourceTree = "<group>"; };
		D84689651DD21339004C7600 /* mla_with_id__215.jpg */ = {isa = PBXFileReference; lastKnownFileType = image.jpeg; path = mla_with_id__215.jpg; sourceTree = "<group>"; };
		D84689661DD21339004C7600 /* mla_with_id__2150.jpg */ = {isa = PBXFileReference; lastKnownFileType = image.jpeg; path = mla_with_id__2150.jpg; sourceTree = "<group>"; };
		D84689671DD21339004C7600 /* mla_with_id__216.jpg */ = {isa = PBXFileReference; lastKnownFileType = image.jpeg; path = mla_with_id__216.jpg; sourceTree = "<group>"; };
		D84689681DD21339004C7600 /* mla_with_id__219.jpg */ = {isa = PBXFileReference; lastKnownFileType = image.jpeg; path = mla_with_id__219.jpg; sourceTree = "<group>"; };
		D84689691DD21339004C7600 /* mla_with_id__2324.jpg */ = {isa = PBXFileReference; lastKnownFileType = image.jpeg; path = mla_with_id__2324.jpg; sourceTree = "<group>"; };
		D846896A1DD21339004C7600 /* mla_with_id__2326.jpg */ = {isa = PBXFileReference; lastKnownFileType = image.jpeg; path = mla_with_id__2326.jpg; sourceTree = "<group>"; };
		D846896B1DD21339004C7600 /* mla_with_id__259.jpg */ = {isa = PBXFileReference; lastKnownFileType = image.jpeg; path = mla_with_id__259.jpg; sourceTree = "<group>"; };
		D846896C1DD21339004C7600 /* mla_with_id__268.jpg */ = {isa = PBXFileReference; lastKnownFileType = image.jpeg; path = mla_with_id__268.jpg; sourceTree = "<group>"; };
		D846896D1DD21339004C7600 /* mla_with_id__269.jpg */ = {isa = PBXFileReference; lastKnownFileType = image.jpeg; path = mla_with_id__269.jpg; sourceTree = "<group>"; };
		D846896E1DD21339004C7600 /* mla_with_id__271.jpg */ = {isa = PBXFileReference; lastKnownFileType = image.jpeg; path = mla_with_id__271.jpg; sourceTree = "<group>"; };
		D846896F1DD21339004C7600 /* mla_with_id__272.jpg */ = {isa = PBXFileReference; lastKnownFileType = image.jpeg; path = mla_with_id__272.jpg; sourceTree = "<group>"; };
		D84689701DD21339004C7600 /* mla_with_id__274.jpg */ = {isa = PBXFileReference; lastKnownFileType = image.jpeg; path = mla_with_id__274.jpg; sourceTree = "<group>"; };
		D84689711DD21339004C7600 /* mla_with_id__281.jpg */ = {isa = PBXFileReference; lastKnownFileType = image.jpeg; path = mla_with_id__281.jpg; sourceTree = "<group>"; };
		D84689721DD21339004C7600 /* mla_with_id__287.jpg */ = {isa = PBXFileReference; lastKnownFileType = image.jpeg; path = mla_with_id__287.jpg; sourceTree = "<group>"; };
		D84689731DD21339004C7600 /* mla_with_id__288.jpg */ = {isa = PBXFileReference; lastKnownFileType = image.jpeg; path = mla_with_id__288.jpg; sourceTree = "<group>"; };
		D84689741DD21339004C7600 /* mla_with_id__289.jpg */ = {isa = PBXFileReference; lastKnownFileType = image.jpeg; path = mla_with_id__289.jpg; sourceTree = "<group>"; };
		D84689751DD21339004C7600 /* mla_with_id__290.jpg */ = {isa = PBXFileReference; lastKnownFileType = image.jpeg; path = mla_with_id__290.jpg; sourceTree = "<group>"; };
		D84689761DD21339004C7600 /* mla_with_id__292.jpg */ = {isa = PBXFileReference; lastKnownFileType = image.jpeg; path = mla_with_id__292.jpg; sourceTree = "<group>"; };
		D84689771DD21339004C7600 /* mla_with_id__293.jpg */ = {isa = PBXFileReference; lastKnownFileType = image.jpeg; path = mla_with_id__293.jpg; sourceTree = "<group>"; };
		D84689781DD21339004C7600 /* mla_with_id__298.jpg */ = {isa = PBXFileReference; lastKnownFileType = image.jpeg; path = mla_with_id__298.jpg; sourceTree = "<group>"; };
		D84689791DD21339004C7600 /* mla_with_id__299.jpg */ = {isa = PBXFileReference; lastKnownFileType = image.jpeg; path = mla_with_id__299.jpg; sourceTree = "<group>"; };
		D846897A1DD21339004C7600 /* mla_with_id__300.jpg */ = {isa = PBXFileReference; lastKnownFileType = image.jpeg; path = mla_with_id__300.jpg; sourceTree = "<group>"; };
		D846897B1DD21339004C7600 /* mla_with_id__301.jpg */ = {isa = PBXFileReference; lastKnownFileType = image.jpeg; path = mla_with_id__301.jpg; sourceTree = "<group>"; };
		D846897C1DD21339004C7600 /* mla_with_id__302.jpg */ = {isa = PBXFileReference; lastKnownFileType = image.jpeg; path = mla_with_id__302.jpg; sourceTree = "<group>"; };
		D846897D1DD21339004C7600 /* mla_with_id__303.jpg */ = {isa = PBXFileReference; lastKnownFileType = image.jpeg; path = mla_with_id__303.jpg; sourceTree = "<group>"; };
		D846897E1DD21339004C7600 /* mla_with_id__304.jpg */ = {isa = PBXFileReference; lastKnownFileType = image.jpeg; path = mla_with_id__304.jpg; sourceTree = "<group>"; };
		D846897F1DD21339004C7600 /* mla_with_id__305.jpg */ = {isa = PBXFileReference; lastKnownFileType = image.jpeg; path = mla_with_id__305.jpg; sourceTree = "<group>"; };
		D84689801DD21339004C7600 /* mla_with_id__306.jpg */ = {isa = PBXFileReference; lastKnownFileType = image.jpeg; path = mla_with_id__306.jpg; sourceTree = "<group>"; };
		D84689811DD21339004C7600 /* mla_with_id__307.jpg */ = {isa = PBXFileReference; lastKnownFileType = image.jpeg; path = mla_with_id__307.jpg; sourceTree = "<group>"; };
		D84689821DD21339004C7600 /* mla_with_id__308.jpg */ = {isa = PBXFileReference; lastKnownFileType = image.jpeg; path = mla_with_id__308.jpg; sourceTree = "<group>"; };
		D84689831DD21339004C7600 /* mla_with_id__3083.jpg */ = {isa = PBXFileReference; lastKnownFileType = image.jpeg; path = mla_with_id__3083.jpg; sourceTree = "<group>"; };
		D84689841DD21339004C7600 /* mla_with_id__309.jpg */ = {isa = PBXFileReference; lastKnownFileType = image.jpeg; path = mla_with_id__309.jpg; sourceTree = "<group>"; };
		D84689851DD21339004C7600 /* mla_with_id__3328.jpg */ = {isa = PBXFileReference; lastKnownFileType = image.jpeg; path = mla_with_id__3328.jpg; sourceTree = "<group>"; };
		D84689861DD21339004C7600 /* mla_with_id__37.jpg */ = {isa = PBXFileReference; lastKnownFileType = image.jpeg; path = mla_with_id__37.jpg; sourceTree = "<group>"; };
		D84689871DD21339004C7600 /* mla_with_id__41.jpg */ = {isa = PBXFileReference; lastKnownFileType = image.jpeg; path = mla_with_id__41.jpg; sourceTree = "<group>"; };
		D84689881DD21339004C7600 /* mla_with_id__4145.jpg */ = {isa = PBXFileReference; lastKnownFileType = image.jpeg; path = mla_with_id__4145.jpg; sourceTree = "<group>"; };
		D84689891DD21339004C7600 /* mla_with_id__4465.jpg */ = {isa = PBXFileReference; lastKnownFileType = image.jpeg; path = mla_with_id__4465.jpg; sourceTree = "<group>"; };
		D846898A1DD21339004C7600 /* mla_with_id__4541.jpg */ = {isa = PBXFileReference; lastKnownFileType = image.jpeg; path = mla_with_id__4541.jpg; sourceTree = "<group>"; };
		D846898B1DD21339004C7600 /* mla_with_id__47.jpg */ = {isa = PBXFileReference; lastKnownFileType = image.jpeg; path = mla_with_id__47.jpg; sourceTree = "<group>"; };
		D846898C1DD21339004C7600 /* mla_with_id__5043.jpg */ = {isa = PBXFileReference; lastKnownFileType = image.jpeg; path = mla_with_id__5043.jpg; sourceTree = "<group>"; };
		D846898D1DD21339004C7600 /* mla_with_id__5223.jpg */ = {isa = PBXFileReference; lastKnownFileType = image.jpeg; path = mla_with_id__5223.jpg; sourceTree = "<group>"; };
		D846898E1DD21339004C7600 /* mla_with_id__5251.jpg */ = {isa = PBXFileReference; lastKnownFileType = image.jpeg; path = mla_with_id__5251.jpg; sourceTree = "<group>"; };
		D846898F1DD21339004C7600 /* mla_with_id__53.jpg */ = {isa = PBXFileReference; lastKnownFileType = image.jpeg; path = mla_with_id__53.jpg; sourceTree = "<group>"; };
		D84689901DD21339004C7600 /* mla_with_id__5307.jpg */ = {isa = PBXFileReference; lastKnownFileType = image.jpeg; path = mla_with_id__5307.jpg; sourceTree = "<group>"; };
		D84689911DD21339004C7600 /* mla_with_id__5333.jpg */ = {isa = PBXFileReference; lastKnownFileType = image.jpeg; path = mla_with_id__5333.jpg; sourceTree = "<group>"; };
		D84689921DD21339004C7600 /* mla_with_id__55.jpg */ = {isa = PBXFileReference; lastKnownFileType = image.jpeg; path = mla_with_id__55.jpg; sourceTree = "<group>"; };
		D84689931DD21339004C7600 /* mla_with_id__5595.jpg */ = {isa = PBXFileReference; lastKnownFileType = image.jpeg; path = mla_with_id__5595.jpg; sourceTree = "<group>"; };
		D84689941DD21339004C7600 /* mla_with_id__5785.jpg */ = {isa = PBXFileReference; lastKnownFileType = image.jpeg; path = mla_with_id__5785.jpg; sourceTree = "<group>"; };
		D84689951DD21339004C7600 /* mla_with_id__5786.jpg */ = {isa = PBXFileReference; lastKnownFileType = image.jpeg; path = mla_with_id__5786.jpg; sourceTree = "<group>"; };
		D84689961DD21339004C7600 /* mla_with_id__5787.jpg */ = {isa = PBXFileReference; lastKnownFileType = image.jpeg; path = mla_with_id__5787.jpg; sourceTree = "<group>"; };
		D84689971DD21339004C7600 /* mla_with_id__5789.jpg */ = {isa = PBXFileReference; lastKnownFileType = image.jpeg; path = mla_with_id__5789.jpg; sourceTree = "<group>"; };
		D84689981DD21339004C7600 /* mla_with_id__5790.jpg */ = {isa = PBXFileReference; lastKnownFileType = image.jpeg; path = mla_with_id__5790.jpg; sourceTree = "<group>"; };
		D84689991DD21339004C7600 /* mla_with_id__5791.jpg */ = {isa = PBXFileReference; lastKnownFileType = image.jpeg; path = mla_with_id__5791.jpg; sourceTree = "<group>"; };
		D846899A1DD21339004C7600 /* mla_with_id__5792.jpg */ = {isa = PBXFileReference; lastKnownFileType = image.jpeg; path = mla_with_id__5792.jpg; sourceTree = "<group>"; };
		D846899B1DD21339004C7600 /* mla_with_id__5793.jpg */ = {isa = PBXFileReference; lastKnownFileType = image.jpeg; path = mla_with_id__5793.jpg; sourceTree = "<group>"; };
		D846899C1DD21339004C7600 /* mla_with_id__5794.jpg */ = {isa = PBXFileReference; lastKnownFileType = image.jpeg; path = mla_with_id__5794.jpg; sourceTree = "<group>"; };
		D846899D1DD21339004C7600 /* mla_with_id__5795.jpg */ = {isa = PBXFileReference; lastKnownFileType = image.jpeg; path = mla_with_id__5795.jpg; sourceTree = "<group>"; };
		D846899E1DD21339004C7600 /* mla_with_id__5796.jpg */ = {isa = PBXFileReference; lastKnownFileType = image.jpeg; path = mla_with_id__5796.jpg; sourceTree = "<group>"; };
		D846899F1DD21339004C7600 /* mla_with_id__5797.jpg */ = {isa = PBXFileReference; lastKnownFileType = image.jpeg; path = mla_with_id__5797.jpg; sourceTree = "<group>"; };
		D84689A01DD21339004C7600 /* mla_with_id__5798.jpg */ = {isa = PBXFileReference; lastKnownFileType = image.jpeg; path = mla_with_id__5798.jpg; sourceTree = "<group>"; };
		D84689A11DD21339004C7600 /* mla_with_id__5799.jpg */ = {isa = PBXFileReference; lastKnownFileType = image.jpeg; path = mla_with_id__5799.jpg; sourceTree = "<group>"; };
		D84689A21DD21339004C7600 /* mla_with_id__5800.jpg */ = {isa = PBXFileReference; lastKnownFileType = image.jpeg; path = mla_with_id__5800.jpg; sourceTree = "<group>"; };
		D84689A31DD21339004C7600 /* mla_with_id__5801.jpg */ = {isa = PBXFileReference; lastKnownFileType = image.jpeg; path = mla_with_id__5801.jpg; sourceTree = "<group>"; };
		D84689A41DD21339004C7600 /* mla_with_id__5802.jpg */ = {isa = PBXFileReference; lastKnownFileType = image.jpeg; path = mla_with_id__5802.jpg; sourceTree = "<group>"; };
		D84689A51DD21339004C7600 /* mla_with_id__5803.jpg */ = {isa = PBXFileReference; lastKnownFileType = image.jpeg; path = mla_with_id__5803.jpg; sourceTree = "<group>"; };
		D84689A61DD21339004C7600 /* mla_with_id__5804.jpg */ = {isa = PBXFileReference; lastKnownFileType = image.jpeg; path = mla_with_id__5804.jpg; sourceTree = "<group>"; };
		D84689A71DD21339004C7600 /* mla_with_id__5805.jpg */ = {isa = PBXFileReference; lastKnownFileType = image.jpeg; path = mla_with_id__5805.jpg; sourceTree = "<group>"; };
		D84689A81DD21339004C7600 /* mla_with_id__5806.jpg */ = {isa = PBXFileReference; lastKnownFileType = image.jpeg; path = mla_with_id__5806.jpg; sourceTree = "<group>"; };
		D84689A91DD21339004C7600 /* mla_with_id__5807.jpg */ = {isa = PBXFileReference; lastKnownFileType = image.jpeg; path = mla_with_id__5807.jpg; sourceTree = "<group>"; };
		D84689AA1DD21339004C7600 /* mla_with_id__5808.jpg */ = {isa = PBXFileReference; lastKnownFileType = image.jpeg; path = mla_with_id__5808.jpg; sourceTree = "<group>"; };
		D84689AB1DD21339004C7600 /* mla_with_id__5809.jpg */ = {isa = PBXFileReference; lastKnownFileType = image.jpeg; path = mla_with_id__5809.jpg; sourceTree = "<group>"; };
		D84689AC1DD21339004C7600 /* mla_with_id__5811.jpg */ = {isa = PBXFileReference; lastKnownFileType = image.jpeg; path = mla_with_id__5811.jpg; sourceTree = "<group>"; };
		D84689AD1DD21339004C7600 /* mla_with_id__60.jpg */ = {isa = PBXFileReference; lastKnownFileType = image.jpeg; path = mla_with_id__60.jpg; sourceTree = "<group>"; };
		D84689AE1DD21339004C7600 /* mla_with_id__67.jpg */ = {isa = PBXFileReference; lastKnownFileType = image.jpeg; path = mla_with_id__67.jpg; sourceTree = "<group>"; };
		D84689AF1DD21339004C7600 /* mla_with_id__7.jpg */ = {isa = PBXFileReference; lastKnownFileType = image.jpeg; path = mla_with_id__7.jpg; sourceTree = "<group>"; };
		D84689B01DD21339004C7600 /* mla_with_id__71.jpg */ = {isa = PBXFileReference; lastKnownFileType = image.jpeg; path = mla_with_id__71.jpg; sourceTree = "<group>"; };
		D84689B11DD21339004C7600 /* mla_with_id__79.jpg */ = {isa = PBXFileReference; lastKnownFileType = image.jpeg; path = mla_with_id__79.jpg; sourceTree = "<group>"; };
		D84689B21DD21339004C7600 /* mla_with_id__8.jpg */ = {isa = PBXFileReference; lastKnownFileType = image.jpeg; path = mla_with_id__8.jpg; sourceTree = "<group>"; };
		D84689B31DD21339004C7600 /* mla_with_id__80.jpg */ = {isa = PBXFileReference; lastKnownFileType = image.jpeg; path = mla_with_id__80.jpg; sourceTree = "<group>"; };
		D84689B41DD21339004C7600 /* mla_with_id__90.jpg */ = {isa = PBXFileReference; lastKnownFileType = image.jpeg; path = mla_with_id__90.jpg; sourceTree = "<group>"; };
		D8520FE71DD3FCE60083B056 /* ParserUtils.swift */ = {isa = PBXFileReference; fileEncoding = 4; lastKnownFileType = sourcecode.swift; path = ParserUtils.swift; sourceTree = "<group>"; };
		D8600B131F4CF8D900678746 /* elected-candidates.csv */ = {isa = PBXFileReference; fileEncoding = 4; lastKnownFileType = text; name = "elected-candidates.csv"; path = "Files/elected-candidates.csv"; sourceTree = "<group>"; };
		D8934BBB1DDB744800A0534E /* LeaderCell.swift */ = {isa = PBXFileReference; fileEncoding = 4; lastKnownFileType = sourcecode.swift; path = LeaderCell.swift; sourceTree = "<group>"; };
		D8AE2E881DD3C57C006C2C47 /* BaseViewController.swift */ = {isa = PBXFileReference; fileEncoding = 4; lastKnownFileType = sourcecode.swift; path = BaseViewController.swift; sourceTree = "<group>"; };
		D8AE2E8B1DD3C691006C2C47 /* LocalLeadersAPI.swift */ = {isa = PBXFileReference; fileEncoding = 4; lastKnownFileType = sourcecode.swift; path = LocalLeadersAPI.swift; sourceTree = "<group>"; };
		D8D0100B1DD397C2003432B6 /* Realm.framework */ = {isa = PBXFileReference; lastKnownFileType = wrapper.framework; name = Realm.framework; path = Carthage/Build/iOS/Realm.framework; sourceTree = "<group>"; };
		D8D0100C1DD397C2003432B6 /* RealmSwift.framework */ = {isa = PBXFileReference; lastKnownFileType = wrapper.framework; name = RealmSwift.framework; path = Carthage/Build/iOS/RealmSwift.framework; sourceTree = "<group>"; };
		D8D010151DD3984F003432B6 /* BaseRealmObject.swift */ = {isa = PBXFileReference; fileEncoding = 4; lastKnownFileType = sourcecode.swift; path = BaseRealmObject.swift; sourceTree = "<group>"; };
		D8D010171DD398A9003432B6 /* LeaderRecord.swift */ = {isa = PBXFileReference; fileEncoding = 4; lastKnownFileType = sourcecode.swift; path = LeaderRecord.swift; sourceTree = "<group>"; };
		D8D0101A1DD3993C003432B6 /* PartyRecord.swift */ = {isa = PBXFileReference; fileEncoding = 4; lastKnownFileType = sourcecode.swift; path = PartyRecord.swift; sourceTree = "<group>"; };
/* End PBXFileReference section */

/* Begin PBXFrameworksBuildPhase section */
		D838CCF31DD20CF1002AE07B /* Frameworks */ = {
			isa = PBXFrameworksBuildPhase;
			buildActionMask = 2147483647;
			files = (
				D838CD2B1DD20F27002AE07B /* SwiftyJSON.framework in Frameworks */,
				D838CD2E1DD211BC002AE07B /* Alamofire.framework in Frameworks */,
				D8D0100D1DD397C2003432B6 /* Realm.framework in Frameworks */,
				D8D0100E1DD397C2003432B6 /* RealmSwift.framework in Frameworks */,
			);
			runOnlyForDeploymentPostprocessing = 0;
		};
		D838CD091DD20CF1002AE07B /* Frameworks */ = {
			isa = PBXFrameworksBuildPhase;
			buildActionMask = 2147483647;
			files = (
			);
			runOnlyForDeploymentPostprocessing = 0;
		};
		D838CD141DD20CF1002AE07B /* Frameworks */ = {
			isa = PBXFrameworksBuildPhase;
			buildActionMask = 2147483647;
			files = (
			);
			runOnlyForDeploymentPostprocessing = 0;
		};
/* End PBXFrameworksBuildPhase section */

/* Begin PBXGroup section */
		D838CCED1DD20CF0002AE07B = {
			isa = PBXGroup;
			children = (
				D838CCF81DD20CF1002AE07B /* LocalLeaders */,
				D838CD0F1DD20CF1002AE07B /* LocalLeadersTests */,
				D838CD1A1DD20CF1002AE07B /* LocalLeadersUITests */,
				D838CCF71DD20CF1002AE07B /* Products */,
				D838CD291DD20F27002AE07B /* Frameworks */,
			);
			sourceTree = "<group>";
		};
		D838CCF71DD20CF1002AE07B /* Products */ = {
			isa = PBXGroup;
			children = (
				D838CCF61DD20CF1002AE07B /* LocalLeaders.app */,
				D838CD0C1DD20CF1002AE07B /* LocalLeadersTests.xctest */,
				D838CD171DD20CF1002AE07B /* LocalLeadersUITests.xctest */,
			);
			name = Products;
			sourceTree = "<group>";
		};
		D838CCF81DD20CF1002AE07B /* LocalLeaders */ = {
			isa = PBXGroup;
			children = (
				D84689441DD212E4004C7600 /* Assets */,
				D8D010191DD398AE003432B6 /* RealmDatabase */,
				D8AE2E871DD3C557006C2C47 /* ViewControllers */,
				D8AE2E8A1DD3C64C006C2C47 /* Storyboard */,
				D838CCF91DD20CF1002AE07B /* AppDelegate.swift */,
				D8AE2E8B1DD3C691006C2C47 /* LocalLeadersAPI.swift */,
				D8520FE71DD3FCE60083B056 /* ParserUtils.swift */,
				D84260C31DDCDF2D00ACB2E3 /* ThemeManager.swift */,
				D84260C51DDCE6D700ACB2E3 /* UIColorUitls.swift */,
				D838CD071DD20CF1002AE07B /* Info.plist */,
			);
			path = LocalLeaders;
			sourceTree = "<group>";
		};
		D838CD0F1DD20CF1002AE07B /* LocalLeadersTests */ = {
			isa = PBXGroup;
			children = (
				D838CD101DD20CF1002AE07B /* LocalLeadersTests.swift */,
				D838CD121DD20CF1002AE07B /* Info.plist */,
			);
			path = LocalLeadersTests;
			sourceTree = "<group>";
		};
		D838CD1A1DD20CF1002AE07B /* LocalLeadersUITests */ = {
			isa = PBXGroup;
			children = (
				D838CD1B1DD20CF1002AE07B /* LocalLeadersUITests.swift */,
				D838CD1D1DD20CF1002AE07B /* Info.plist */,
			);
			path = LocalLeadersUITests;
			sourceTree = "<group>";
		};
		D838CD291DD20F27002AE07B /* Frameworks */ = {
			isa = PBXGroup;
			children = (
				D8D0100B1DD397C2003432B6 /* Realm.framework */,
				D8D0100C1DD397C2003432B6 /* RealmSwift.framework */,
				D838CD2D1DD211BC002AE07B /* Alamofire.framework */,
				D838CD2A1DD20F27002AE07B /* SwiftyJSON.framework */,
			);
			name = Frameworks;
			sourceTree = "<group>";
		};
		D84689441DD212E4004C7600 /* Assets */ = {
			isa = PBXGroup;
			children = (
				D8C437071DD3D93500114A7A /* Files */,
				D84689481DD21339004C7600 /* MLAs */,
				D84689451DD212E4004C7600 /* Assets.xcassets */,
				D84260C11DDCDECF00ACB2E3 /* Colours.plist */,
			);
			path = Assets;
			sourceTree = "<group>";
		};
		D84689481DD21339004C7600 /* MLAs */ = {
			isa = PBXGroup;
			children = (
				D84689491DD21339004C7600 /* mla_with_id__104.jpg */,
				D846894A1DD21339004C7600 /* mla_with_id__105.jpg */,
				D846894B1DD21339004C7600 /* mla_with_id__116.jpg */,
				D846894C1DD21339004C7600 /* mla_with_id__127.jpg */,
				D846894D1DD21339004C7600 /* mla_with_id__131.jpg */,
				D846894E1DD21339004C7600 /* mla_with_id__133.jpg */,
				D846894F1DD21339004C7600 /* mla_with_id__137.jpg */,
				D84689501DD21339004C7600 /* mla_with_id__138.jpg */,
				D84689511DD21339004C7600 /* mla_with_id__139.jpg */,
				D84689521DD21339004C7600 /* mla_with_id__140.jpg */,
				D84689531DD21339004C7600 /* mla_with_id__141.jpg */,
				D84689541DD21339004C7600 /* mla_with_id__144.jpg */,
				D84689551DD21339004C7600 /* mla_with_id__145.jpg */,
				D84689561DD21339004C7600 /* mla_with_id__150.jpg */,
				D84689571DD21339004C7600 /* mla_with_id__151.jpg */,
				D84689581DD21339004C7600 /* mla_with_id__154.jpg */,
				D84689591DD21339004C7600 /* mla_with_id__155.jpg */,
				D846895A1DD21339004C7600 /* mla_with_id__180.jpg */,
				D846895B1DD21339004C7600 /* mla_with_id__1931.jpg */,
				D846895C1DD21339004C7600 /* mla_with_id__194.jpg */,
				D846895D1DD21339004C7600 /* mla_with_id__198.jpg */,
				D846895E1DD21339004C7600 /* mla_with_id__200.jpg */,
				D846895F1DD21339004C7600 /* mla_with_id__201.jpg */,
				D84689601DD21339004C7600 /* mla_with_id__203.jpg */,
				D84689611DD21339004C7600 /* mla_with_id__204.jpg */,
				D84689621DD21339004C7600 /* mla_with_id__208.jpg */,
				D84689631DD21339004C7600 /* mla_with_id__2082.jpg */,
				D84689641DD21339004C7600 /* mla_with_id__212.jpg */,
				D84689651DD21339004C7600 /* mla_with_id__215.jpg */,
				D84689661DD21339004C7600 /* mla_with_id__2150.jpg */,
				D84689671DD21339004C7600 /* mla_with_id__216.jpg */,
				D84689681DD21339004C7600 /* mla_with_id__219.jpg */,
				D84689691DD21339004C7600 /* mla_with_id__2324.jpg */,
				D846896A1DD21339004C7600 /* mla_with_id__2326.jpg */,
				D846896B1DD21339004C7600 /* mla_with_id__259.jpg */,
				D846896C1DD21339004C7600 /* mla_with_id__268.jpg */,
				D846896D1DD21339004C7600 /* mla_with_id__269.jpg */,
				D846896E1DD21339004C7600 /* mla_with_id__271.jpg */,
				D846896F1DD21339004C7600 /* mla_with_id__272.jpg */,
				D84689701DD21339004C7600 /* mla_with_id__274.jpg */,
				D84689711DD21339004C7600 /* mla_with_id__281.jpg */,
				D84689721DD21339004C7600 /* mla_with_id__287.jpg */,
				D84689731DD21339004C7600 /* mla_with_id__288.jpg */,
				D84689741DD21339004C7600 /* mla_with_id__289.jpg */,
				D84689751DD21339004C7600 /* mla_with_id__290.jpg */,
				D84689761DD21339004C7600 /* mla_with_id__292.jpg */,
				D84689771DD21339004C7600 /* mla_with_id__293.jpg */,
				D84689781DD21339004C7600 /* mla_with_id__298.jpg */,
				D84689791DD21339004C7600 /* mla_with_id__299.jpg */,
				D846897A1DD21339004C7600 /* mla_with_id__300.jpg */,
				D846897B1DD21339004C7600 /* mla_with_id__301.jpg */,
				D846897C1DD21339004C7600 /* mla_with_id__302.jpg */,
				D846897D1DD21339004C7600 /* mla_with_id__303.jpg */,
				D846897E1DD21339004C7600 /* mla_with_id__304.jpg */,
				D846897F1DD21339004C7600 /* mla_with_id__305.jpg */,
				D84689801DD21339004C7600 /* mla_with_id__306.jpg */,
				D84689811DD21339004C7600 /* mla_with_id__307.jpg */,
				D84689821DD21339004C7600 /* mla_with_id__308.jpg */,
				D84689831DD21339004C7600 /* mla_with_id__3083.jpg */,
				D84689841DD21339004C7600 /* mla_with_id__309.jpg */,
				D84689851DD21339004C7600 /* mla_with_id__3328.jpg */,
				D84689861DD21339004C7600 /* mla_with_id__37.jpg */,
				D84689871DD21339004C7600 /* mla_with_id__41.jpg */,
				D84689881DD21339004C7600 /* mla_with_id__4145.jpg */,
				D84689891DD21339004C7600 /* mla_with_id__4465.jpg */,
				D846898A1DD21339004C7600 /* mla_with_id__4541.jpg */,
				D846898B1DD21339004C7600 /* mla_with_id__47.jpg */,
				D846898C1DD21339004C7600 /* mla_with_id__5043.jpg */,
				D846898D1DD21339004C7600 /* mla_with_id__5223.jpg */,
				D846898E1DD21339004C7600 /* mla_with_id__5251.jpg */,
				D846898F1DD21339004C7600 /* mla_with_id__53.jpg */,
				D84689901DD21339004C7600 /* mla_with_id__5307.jpg */,
				D84689911DD21339004C7600 /* mla_with_id__5333.jpg */,
				D84689921DD21339004C7600 /* mla_with_id__55.jpg */,
				D84689931DD21339004C7600 /* mla_with_id__5595.jpg */,
				D84689941DD21339004C7600 /* mla_with_id__5785.jpg */,
				D84689951DD21339004C7600 /* mla_with_id__5786.jpg */,
				D84689961DD21339004C7600 /* mla_with_id__5787.jpg */,
				D84689971DD21339004C7600 /* mla_with_id__5789.jpg */,
				D84689981DD21339004C7600 /* mla_with_id__5790.jpg */,
				D84689991DD21339004C7600 /* mla_with_id__5791.jpg */,
				D846899A1DD21339004C7600 /* mla_with_id__5792.jpg */,
				D846899B1DD21339004C7600 /* mla_with_id__5793.jpg */,
				D846899C1DD21339004C7600 /* mla_with_id__5794.jpg */,
				D846899D1DD21339004C7600 /* mla_with_id__5795.jpg */,
				D846899E1DD21339004C7600 /* mla_with_id__5796.jpg */,
				D846899F1DD21339004C7600 /* mla_with_id__5797.jpg */,
				D84689A01DD21339004C7600 /* mla_with_id__5798.jpg */,
				D84689A11DD21339004C7600 /* mla_with_id__5799.jpg */,
				D84689A21DD21339004C7600 /* mla_with_id__5800.jpg */,
				D84689A31DD21339004C7600 /* mla_with_id__5801.jpg */,
				D84689A41DD21339004C7600 /* mla_with_id__5802.jpg */,
				D84689A51DD21339004C7600 /* mla_with_id__5803.jpg */,
				D84689A61DD21339004C7600 /* mla_with_id__5804.jpg */,
				D84689A71DD21339004C7600 /* mla_with_id__5805.jpg */,
				D84689A81DD21339004C7600 /* mla_with_id__5806.jpg */,
				D84689A91DD21339004C7600 /* mla_with_id__5807.jpg */,
				D84689AA1DD21339004C7600 /* mla_with_id__5808.jpg */,
				D84689AB1DD21339004C7600 /* mla_with_id__5809.jpg */,
				D84689AC1DD21339004C7600 /* mla_with_id__5811.jpg */,
				D84689AD1DD21339004C7600 /* mla_with_id__60.jpg */,
				D84689AE1DD21339004C7600 /* mla_with_id__67.jpg */,
				D84689AF1DD21339004C7600 /* mla_with_id__7.jpg */,
				D84689B01DD21339004C7600 /* mla_with_id__71.jpg */,
				D84689B11DD21339004C7600 /* mla_with_id__79.jpg */,
				D84689B21DD21339004C7600 /* mla_with_id__8.jpg */,
				D84689B31DD21339004C7600 /* mla_with_id__80.jpg */,
				D84689B41DD21339004C7600 /* mla_with_id__90.jpg */,
			);
			path = MLAs;
			sourceTree = "<group>";
		};
		D8AE2E871DD3C557006C2C47 /* ViewControllers */ = {
			isa = PBXGroup;
			children = (
				D8AE2E881DD3C57C006C2C47 /* BaseViewController.swift */,
				D838CCFB1DD20CF1002AE07B /* LeadersViewController.swift */,
				D838CCFD1DD20CF1002AE07B /* SocialViewController.swift */,
				D8934BBB1DDB744800A0534E /* LeaderCell.swift */,
				D84260C71DDCF55400ACB2E3 /* TabBarController.swift */,
			);
			name = ViewControllers;
			sourceTree = "<group>";
		};
		D8AE2E8A1DD3C64C006C2C47 /* Storyboard */ = {
			isa = PBXGroup;
			children = (
				D838CCFF1DD20CF1002AE07B /* Main.storyboard */,
				D838CD041DD20CF1002AE07B /* LaunchScreen.storyboard */,
			);
			name = Storyboard;
			sourceTree = "<group>";
		};
		D8C437071DD3D93500114A7A /* Files */ = {
			isa = PBXGroup;
			children = (
				D8600B131F4CF8D900678746 /* elected-candidates.csv */,
			);
			name = Files;
			sourceTree = "<group>";
		};
		D8D010191DD398AE003432B6 /* RealmDatabase */ = {
			isa = PBXGroup;
			children = (
				D8D010151DD3984F003432B6 /* BaseRealmObject.swift */,
				D8D010171DD398A9003432B6 /* LeaderRecord.swift */,
				D8D0101A1DD3993C003432B6 /* PartyRecord.swift */,
			);
			name = RealmDatabase;
			sourceTree = "<group>";
		};
/* End PBXGroup section */

/* Begin PBXNativeTarget section */
		D838CCF51DD20CF1002AE07B /* LocalLeaders */ = {
			isa = PBXNativeTarget;
			buildConfigurationList = D838CD201DD20CF1002AE07B /* Build configuration list for PBXNativeTarget "LocalLeaders" */;
			buildPhases = (
				D838CCF21DD20CF1002AE07B /* Sources */,
				D838CCF31DD20CF1002AE07B /* Frameworks */,
				D838CCF41DD20CF1002AE07B /* Resources */,
				D838CD2C1DD20F72002AE07B /* ShellScript */,
				D8D0100F1DD397CC003432B6 /* ShellScript */,
				D8D010101DD397D5003432B6 /* CopyFiles */,
			);
			buildRules = (
			);
			dependencies = (
			);
			name = LocalLeaders;
			productName = LocalLeaders;
			productReference = D838CCF61DD20CF1002AE07B /* LocalLeaders.app */;
			productType = "com.apple.product-type.application";
		};
		D838CD0B1DD20CF1002AE07B /* LocalLeadersTests */ = {
			isa = PBXNativeTarget;
			buildConfigurationList = D838CD231DD20CF1002AE07B /* Build configuration list for PBXNativeTarget "LocalLeadersTests" */;
			buildPhases = (
				D838CD081DD20CF1002AE07B /* Sources */,
				D838CD091DD20CF1002AE07B /* Frameworks */,
				D838CD0A1DD20CF1002AE07B /* Resources */,
			);
			buildRules = (
			);
			dependencies = (
				D838CD0E1DD20CF1002AE07B /* PBXTargetDependency */,
			);
			name = LocalLeadersTests;
			productName = LocalLeadersTests;
			productReference = D838CD0C1DD20CF1002AE07B /* LocalLeadersTests.xctest */;
			productType = "com.apple.product-type.bundle.unit-test";
		};
		D838CD161DD20CF1002AE07B /* LocalLeadersUITests */ = {
			isa = PBXNativeTarget;
			buildConfigurationList = D838CD261DD20CF1002AE07B /* Build configuration list for PBXNativeTarget "LocalLeadersUITests" */;
			buildPhases = (
				D838CD131DD20CF1002AE07B /* Sources */,
				D838CD141DD20CF1002AE07B /* Frameworks */,
				D838CD151DD20CF1002AE07B /* Resources */,
			);
			buildRules = (
			);
			dependencies = (
				D838CD191DD20CF1002AE07B /* PBXTargetDependency */,
			);
			name = LocalLeadersUITests;
			productName = LocalLeadersUITests;
			productReference = D838CD171DD20CF1002AE07B /* LocalLeadersUITests.xctest */;
			productType = "com.apple.product-type.bundle.ui-testing";
		};
/* End PBXNativeTarget section */

/* Begin PBXProject section */
		D838CCEE1DD20CF0002AE07B /* Project object */ = {
			isa = PBXProject;
			attributes = {
				LastSwiftUpdateCheck = 0810;
				LastUpgradeCheck = 0810;
				ORGANIZATIONNAME = MAV;
				TargetAttributes = {
					D838CCF51DD20CF1002AE07B = {
						CreatedOnToolsVersion = 8.1;
						DevelopmentTeam = 73S8PFBWGP;
						ProvisioningStyle = Automatic;
					};
					D838CD0B1DD20CF1002AE07B = {
						CreatedOnToolsVersion = 8.1;
						DevelopmentTeam = 73S8PFBWGP;
						ProvisioningStyle = Automatic;
						TestTargetID = D838CCF51DD20CF1002AE07B;
					};
					D838CD161DD20CF1002AE07B = {
						CreatedOnToolsVersion = 8.1;
						DevelopmentTeam = 73S8PFBWGP;
						ProvisioningStyle = Automatic;
						TestTargetID = D838CCF51DD20CF1002AE07B;
					};
				};
			};
			buildConfigurationList = D838CCF11DD20CF0002AE07B /* Build configuration list for PBXProject "LocalLeaders" */;
			compatibilityVersion = "Xcode 3.2";
			developmentRegion = English;
			hasScannedForEncodings = 0;
			knownRegions = (
				en,
				Base,
			);
			mainGroup = D838CCED1DD20CF0002AE07B;
			productRefGroup = D838CCF71DD20CF1002AE07B /* Products */;
			projectDirPath = "";
			projectRoot = "";
			targets = (
				D838CCF51DD20CF1002AE07B /* LocalLeaders */,
				D838CD0B1DD20CF1002AE07B /* LocalLeadersTests */,
				D838CD161DD20CF1002AE07B /* LocalLeadersUITests */,
			);
		};
/* End PBXProject section */

/* Begin PBXResourcesBuildPhase section */
		D838CCF41DD20CF1002AE07B /* Resources */ = {
			isa = PBXResourcesBuildPhase;
			buildActionMask = 2147483647;
			files = (
				D8468A021DD21339004C7600 /* mla_with_id__5787.jpg in Resources */,
				D84689D01DD21339004C7600 /* mla_with_id__212.jpg in Resources */,
				D8468A141DD2133A004C7600 /* mla_with_id__5806.jpg in Resources */,
				D84689DD1DD21339004C7600 /* mla_with_id__281.jpg in Resources */,
				D84689B81DD21339004C7600 /* mla_with_id__127.jpg in Resources */,
				D84689C71DD21339004C7600 /* mla_with_id__1931.jpg in Resources */,
				D84689DA1DD21339004C7600 /* mla_with_id__271.jpg in Resources */,
				D84689C51DD21339004C7600 /* mla_with_id__155.jpg in Resources */,
				D84689BB1DD21339004C7600 /* mla_with_id__137.jpg in Resources */,
				D84689D31DD21339004C7600 /* mla_with_id__216.jpg in Resources */,
				D84689E21DD21339004C7600 /* mla_with_id__292.jpg in Resources */,
				D84689EF1DD21339004C7600 /* mla_with_id__3083.jpg in Resources */,
				D84689D71DD21339004C7600 /* mla_with_id__259.jpg in Resources */,
				D8468A041DD21339004C7600 /* mla_with_id__5790.jpg in Resources */,
				D8468A0F1DD2133A004C7600 /* mla_with_id__5801.jpg in Resources */,
				D8468A1C1DD2133A004C7600 /* mla_with_id__71.jpg in Resources */,
				D84689F81DD21339004C7600 /* mla_with_id__5043.jpg in Resources */,
				D84689D51DD21339004C7600 /* mla_with_id__2324.jpg in Resources */,
				D84689CD1DD21339004C7600 /* mla_with_id__204.jpg in Resources */,
				D84689F21DD21339004C7600 /* mla_with_id__37.jpg in Resources */,
				D8468A121DD2133A004C7600 /* mla_with_id__5804.jpg in Resources */,
				D84689FA1DD21339004C7600 /* mla_with_id__5251.jpg in Resources */,
				D8468A001DD21339004C7600 /* mla_with_id__5785.jpg in Resources */,
				D84689FE1DD21339004C7600 /* mla_with_id__55.jpg in Resources */,
				D8468A061DD2133A004C7600 /* mla_with_id__5792.jpg in Resources */,
				D84689BF1DD21339004C7600 /* mla_with_id__141.jpg in Resources */,
				D838CD061DD20CF1002AE07B /* LaunchScreen.storyboard in Resources */,
				D84689E61DD21339004C7600 /* mla_with_id__300.jpg in Resources */,
				D84689E11DD21339004C7600 /* mla_with_id__290.jpg in Resources */,
				D84689F51DD21339004C7600 /* mla_with_id__4465.jpg in Resources */,
				D8468A031DD21339004C7600 /* mla_with_id__5789.jpg in Resources */,
				D84689E91DD21339004C7600 /* mla_with_id__303.jpg in Resources */,
				D84689C41DD21339004C7600 /* mla_with_id__154.jpg in Resources */,
				D8468A161DD2133A004C7600 /* mla_with_id__5808.jpg in Resources */,
				D8468A201DD2133A004C7600 /* mla_with_id__90.jpg in Resources */,
				D8468A0A1DD2133A004C7600 /* mla_with_id__5796.jpg in Resources */,
				D84689F11DD21339004C7600 /* mla_with_id__3328.jpg in Resources */,
				D84689FF1DD21339004C7600 /* mla_with_id__5595.jpg in Resources */,
				D84689F91DD21339004C7600 /* mla_with_id__5223.jpg in Resources */,
				D84260C21DDCDECF00ACB2E3 /* Colours.plist in Resources */,
				D8600B141F4CF8D900678746 /* elected-candidates.csv in Resources */,
				D8468A1A1DD2133A004C7600 /* mla_with_id__67.jpg in Resources */,
				D84689BA1DD21339004C7600 /* mla_with_id__133.jpg in Resources */,
				D84689B61DD21339004C7600 /* mla_with_id__105.jpg in Resources */,
				D8468A0E1DD2133A004C7600 /* mla_with_id__5800.jpg in Resources */,
				D84689C81DD21339004C7600 /* mla_with_id__194.jpg in Resources */,
				D84689E81DD21339004C7600 /* mla_with_id__302.jpg in Resources */,
				D84689F71DD21339004C7600 /* mla_with_id__47.jpg in Resources */,
				D8468A091DD2133A004C7600 /* mla_with_id__5795.jpg in Resources */,
				D84689CA1DD21339004C7600 /* mla_with_id__200.jpg in Resources */,
				D84689E31DD21339004C7600 /* mla_with_id__293.jpg in Resources */,
				D84689C61DD21339004C7600 /* mla_with_id__180.jpg in Resources */,
				D8468A1D1DD2133A004C7600 /* mla_with_id__79.jpg in Resources */,
				D8468A101DD2133A004C7600 /* mla_with_id__5802.jpg in Resources */,
				D84689EA1DD21339004C7600 /* mla_with_id__304.jpg in Resources */,
				D84689EB1DD21339004C7600 /* mla_with_id__305.jpg in Resources */,
				D84689E41DD21339004C7600 /* mla_with_id__298.jpg in Resources */,
				D8468A0B1DD2133A004C7600 /* mla_with_id__5797.jpg in Resources */,
				D84689C21DD21339004C7600 /* mla_with_id__150.jpg in Resources */,
				D84689CC1DD21339004C7600 /* mla_with_id__203.jpg in Resources */,
				D84689D61DD21339004C7600 /* mla_with_id__2326.jpg in Resources */,
				D84689B71DD21339004C7600 /* mla_with_id__116.jpg in Resources */,
				D84689471DD212E4004C7600 /* Assets.xcassets in Resources */,
				D84689DC1DD21339004C7600 /* mla_with_id__274.jpg in Resources */,
				D84689D81DD21339004C7600 /* mla_with_id__268.jpg in Resources */,
				D84689FB1DD21339004C7600 /* mla_with_id__53.jpg in Resources */,
				D838CD011DD20CF1002AE07B /* Main.storyboard in Resources */,
				D84689B51DD21339004C7600 /* mla_with_id__104.jpg in Resources */,
				D84689CF1DD21339004C7600 /* mla_with_id__2082.jpg in Resources */,
				D84689FC1DD21339004C7600 /* mla_with_id__5307.jpg in Resources */,
				D84689C31DD21339004C7600 /* mla_with_id__151.jpg in Resources */,
				D84689F01DD21339004C7600 /* mla_with_id__309.jpg in Resources */,
				D84689F41DD21339004C7600 /* mla_with_id__4145.jpg in Resources */,
				D8468A051DD2133A004C7600 /* mla_with_id__5791.jpg in Resources */,
				D84689E51DD21339004C7600 /* mla_with_id__299.jpg in Resources */,
				D84689ED1DD21339004C7600 /* mla_with_id__307.jpg in Resources */,
				D84689DF1DD21339004C7600 /* mla_with_id__288.jpg in Resources */,
				D84689F31DD21339004C7600 /* mla_with_id__41.jpg in Resources */,
				D8468A1F1DD2133A004C7600 /* mla_with_id__80.jpg in Resources */,
				D84689BE1DD21339004C7600 /* mla_with_id__140.jpg in Resources */,
				D84689C01DD21339004C7600 /* mla_with_id__144.jpg in Resources */,
				D8468A071DD2133A004C7600 /* mla_with_id__5793.jpg in Resources */,
				D8468A0D1DD2133A004C7600 /* mla_with_id__5799.jpg in Resources */,
				D8468A081DD2133A004C7600 /* mla_with_id__5794.jpg in Resources */,
				D84689C11DD21339004C7600 /* mla_with_id__145.jpg in Resources */,
				D84689EC1DD21339004C7600 /* mla_with_id__306.jpg in Resources */,
				D84689E71DD21339004C7600 /* mla_with_id__301.jpg in Resources */,
				D84689DB1DD21339004C7600 /* mla_with_id__272.jpg in Resources */,
				D84689EE1DD21339004C7600 /* mla_with_id__308.jpg in Resources */,
				D84689D21DD21339004C7600 /* mla_with_id__2150.jpg in Resources */,
				D8468A171DD2133A004C7600 /* mla_with_id__5809.jpg in Resources */,
				D84689C91DD21339004C7600 /* mla_with_id__198.jpg in Resources */,
				D8468A181DD2133A004C7600 /* mla_with_id__5811.jpg in Resources */,
				D84689D11DD21339004C7600 /* mla_with_id__215.jpg in Resources */,
				D8468A191DD2133A004C7600 /* mla_with_id__60.jpg in Resources */,
				D8468A0C1DD2133A004C7600 /* mla_with_id__5798.jpg in Resources */,
				D8468A111DD2133A004C7600 /* mla_with_id__5803.jpg in Resources */,
				D84689E01DD21339004C7600 /* mla_with_id__289.jpg in Resources */,
				D84689CE1DD21339004C7600 /* mla_with_id__208.jpg in Resources */,
				D84689D41DD21339004C7600 /* mla_with_id__219.jpg in Resources */,
				D84689F61DD21339004C7600 /* mla_with_id__4541.jpg in Resources */,
				D84689D91DD21339004C7600 /* mla_with_id__269.jpg in Resources */,
				D84689DE1DD21339004C7600 /* mla_with_id__287.jpg in Resources */,
				D84689BC1DD21339004C7600 /* mla_with_id__138.jpg in Resources */,
				D84689B91DD21339004C7600 /* mla_with_id__131.jpg in Resources */,
				D8468A1E1DD2133A004C7600 /* mla_with_id__8.jpg in Resources */,
				D8468A1B1DD2133A004C7600 /* mla_with_id__7.jpg in Resources */,
				D84689FD1DD21339004C7600 /* mla_with_id__5333.jpg in Resources */,
				D8468A011DD21339004C7600 /* mla_with_id__5786.jpg in Resources */,
				D8468A131DD2133A004C7600 /* mla_with_id__5805.jpg in Resources */,
				D84689BD1DD21339004C7600 /* mla_with_id__139.jpg in Resources */,
				D84689CB1DD21339004C7600 /* mla_with_id__201.jpg in Resources */,
				D8468A151DD2133A004C7600 /* mla_with_id__5807.jpg in Resources */,
			);
			runOnlyForDeploymentPostprocessing = 0;
		};
		D838CD0A1DD20CF1002AE07B /* Resources */ = {
			isa = PBXResourcesBuildPhase;
			buildActionMask = 2147483647;
			files = (
			);
			runOnlyForDeploymentPostprocessing = 0;
		};
		D838CD151DD20CF1002AE07B /* Resources */ = {
			isa = PBXResourcesBuildPhase;
			buildActionMask = 2147483647;
			files = (
			);
			runOnlyForDeploymentPostprocessing = 0;
		};
/* End PBXResourcesBuildPhase section */

/* Begin PBXShellScriptBuildPhase section */
		D838CD2C1DD20F72002AE07B /* ShellScript */ = {
			isa = PBXShellScriptBuildPhase;
			buildActionMask = 2147483647;
			files = (
			);
			inputPaths = (
				"$(SRCROOT)/Carthage/Build/iOS/SwiftyJSON.framework",
				"$(SRCROOT)/Carthage/Build/iOS/Alamofire.framework",
				"$(SRCROOT)/Carthage/Build/iOS/RealmSwift.framework",
				"$(SRCROOT)/Carthage/Build/iOS/Realm.framework",
			);
			outputPaths = (
			);
			runOnlyForDeploymentPostprocessing = 0;
			shellPath = /bin/sh;
			shellScript = "/usr/local/bin/carthage copy-frameworks";
		};
		D8D0100F1DD397CC003432B6 /* ShellScript */ = {
			isa = PBXShellScriptBuildPhase;
			buildActionMask = 2147483647;
			files = (
			);
			inputPaths = (
			);
			outputPaths = (
			);
			runOnlyForDeploymentPostprocessing = 0;
			shellPath = /bin/sh;
			shellScript = "bash \"${BUILT_PRODUCTS_DIR}/${FRAMEWORKS_FOLDER_PATH}/Realm.framework/strip-frameworks.sh\"";
		};
/* End PBXShellScriptBuildPhase section */

/* Begin PBXSourcesBuildPhase section */
		D838CCF21DD20CF1002AE07B /* Sources */ = {
			isa = PBXSourcesBuildPhase;
			buildActionMask = 2147483647;
			files = (
				D8D010181DD398A9003432B6 /* LeaderRecord.swift in Sources */,
				D84260C81DDCF55400ACB2E3 /* TabBarController.swift in Sources */,
				D838CCFE1DD20CF1002AE07B /* SocialViewController.swift in Sources */,
				D838CCFA1DD20CF1002AE07B /* AppDelegate.swift in Sources */,
				D8934BBC1DDB744800A0534E /* LeaderCell.swift in Sources */,
				D8D0101B1DD3993C003432B6 /* PartyRecord.swift in Sources */,
				D838CCFC1DD20CF1002AE07B /* LeadersViewController.swift in Sources */,
				D8AE2E8C1DD3C691006C2C47 /* LocalLeadersAPI.swift in Sources */,
				D8AE2E891DD3C57C006C2C47 /* BaseViewController.swift in Sources */,
				D8D010161DD3984F003432B6 /* BaseRealmObject.swift in Sources */,
				D8520FE81DD3FCE60083B056 /* ParserUtils.swift in Sources */,
				D84260C41DDCDF2D00ACB2E3 /* ThemeManager.swift in Sources */,
				D84260C61DDCE6D700ACB2E3 /* UIColorUitls.swift in Sources */,
			);
			runOnlyForDeploymentPostprocessing = 0;
		};
		D838CD081DD20CF1002AE07B /* Sources */ = {
			isa = PBXSourcesBuildPhase;
			buildActionMask = 2147483647;
			files = (
				D838CD111DD20CF1002AE07B /* LocalLeadersTests.swift in Sources */,
			);
			runOnlyForDeploymentPostprocessing = 0;
		};
		D838CD131DD20CF1002AE07B /* Sources */ = {
			isa = PBXSourcesBuildPhase;
			buildActionMask = 2147483647;
			files = (
				D838CD1C1DD20CF1002AE07B /* LocalLeadersUITests.swift in Sources */,
			);
			runOnlyForDeploymentPostprocessing = 0;
		};
/* End PBXSourcesBuildPhase section */

/* Begin PBXTargetDependency section */
		D838CD0E1DD20CF1002AE07B /* PBXTargetDependency */ = {
			isa = PBXTargetDependency;
			target = D838CCF51DD20CF1002AE07B /* LocalLeaders */;
			targetProxy = D838CD0D1DD20CF1002AE07B /* PBXContainerItemProxy */;
		};
		D838CD191DD20CF1002AE07B /* PBXTargetDependency */ = {
			isa = PBXTargetDependency;
			target = D838CCF51DD20CF1002AE07B /* LocalLeaders */;
			targetProxy = D838CD181DD20CF1002AE07B /* PBXContainerItemProxy */;
		};
/* End PBXTargetDependency section */

/* Begin PBXVariantGroup section */
		D838CCFF1DD20CF1002AE07B /* Main.storyboard */ = {
			isa = PBXVariantGroup;
			children = (
				D838CD001DD20CF1002AE07B /* Base */,
			);
			name = Main.storyboard;
			sourceTree = "<group>";
		};
		D838CD041DD20CF1002AE07B /* LaunchScreen.storyboard */ = {
			isa = PBXVariantGroup;
			children = (
				D838CD051DD20CF1002AE07B /* Base */,
			);
			name = LaunchScreen.storyboard;
			sourceTree = "<group>";
		};
/* End PBXVariantGroup section */

/* Begin XCBuildConfiguration section */
		D838CD1E1DD20CF1002AE07B /* Debug */ = {
			isa = XCBuildConfiguration;
			buildSettings = {
				ALWAYS_SEARCH_USER_PATHS = NO;
				CLANG_ANALYZER_NONNULL = YES;
				CLANG_CXX_LANGUAGE_STANDARD = "gnu++0x";
				CLANG_CXX_LIBRARY = "libc++";
				CLANG_ENABLE_MODULES = YES;
				CLANG_ENABLE_OBJC_ARC = YES;
				CLANG_WARN_BOOL_CONVERSION = YES;
				CLANG_WARN_CONSTANT_CONVERSION = YES;
				CLANG_WARN_DIRECT_OBJC_ISA_USAGE = YES_ERROR;
				CLANG_WARN_DOCUMENTATION_COMMENTS = YES;
				CLANG_WARN_EMPTY_BODY = YES;
				CLANG_WARN_ENUM_CONVERSION = YES;
				CLANG_WARN_INFINITE_RECURSION = YES;
				CLANG_WARN_INT_CONVERSION = YES;
				CLANG_WARN_OBJC_ROOT_CLASS = YES_ERROR;
				CLANG_WARN_SUSPICIOUS_MOVES = YES;
				CLANG_WARN_UNREACHABLE_CODE = YES;
				CLANG_WARN__DUPLICATE_METHOD_MATCH = YES;
				"CODE_SIGN_IDENTITY[sdk=iphoneos*]" = "iPhone Developer";
				COPY_PHASE_STRIP = NO;
				DEBUG_INFORMATION_FORMAT = dwarf;
				ENABLE_STRICT_OBJC_MSGSEND = YES;
				ENABLE_TESTABILITY = YES;
				GCC_C_LANGUAGE_STANDARD = gnu99;
				GCC_DYNAMIC_NO_PIC = NO;
				GCC_NO_COMMON_BLOCKS = YES;
				GCC_OPTIMIZATION_LEVEL = 0;
				GCC_PREPROCESSOR_DEFINITIONS = (
					"DEBUG=1",
					"$(inherited)",
				);
				GCC_WARN_64_TO_32_BIT_CONVERSION = YES;
				GCC_WARN_ABOUT_RETURN_TYPE = YES_ERROR;
				GCC_WARN_UNDECLARED_SELECTOR = YES;
				GCC_WARN_UNINITIALIZED_AUTOS = YES_AGGRESSIVE;
				GCC_WARN_UNUSED_FUNCTION = YES;
				GCC_WARN_UNUSED_VARIABLE = YES;
				IPHONEOS_DEPLOYMENT_TARGET = 9.0;
				MTL_ENABLE_DEBUG_INFO = YES;
				ONLY_ACTIVE_ARCH = YES;
				SDKROOT = iphoneos;
				SWIFT_ACTIVE_COMPILATION_CONDITIONS = DEBUG;
				SWIFT_OPTIMIZATION_LEVEL = "-Onone";
			};
			name = Debug;
		};
		D838CD1F1DD20CF1002AE07B /* Release */ = {
			isa = XCBuildConfiguration;
			buildSettings = {
				ALWAYS_SEARCH_USER_PATHS = NO;
				CLANG_ANALYZER_NONNULL = YES;
				CLANG_CXX_LANGUAGE_STANDARD = "gnu++0x";
				CLANG_CXX_LIBRARY = "libc++";
				CLANG_ENABLE_MODULES = YES;
				CLANG_ENABLE_OBJC_ARC = YES;
				CLANG_WARN_BOOL_CONVERSION = YES;
				CLANG_WARN_CONSTANT_CONVERSION = YES;
				CLANG_WARN_DIRECT_OBJC_ISA_USAGE = YES_ERROR;
				CLANG_WARN_DOCUMENTATION_COMMENTS = YES;
				CLANG_WARN_EMPTY_BODY = YES;
				CLANG_WARN_ENUM_CONVERSION = YES;
				CLANG_WARN_INFINITE_RECURSION = YES;
				CLANG_WARN_INT_CONVERSION = YES;
				CLANG_WARN_OBJC_ROOT_CLASS = YES_ERROR;
				CLANG_WARN_SUSPICIOUS_MOVES = YES;
				CLANG_WARN_UNREACHABLE_CODE = YES;
				CLANG_WARN__DUPLICATE_METHOD_MATCH = YES;
				"CODE_SIGN_IDENTITY[sdk=iphoneos*]" = "iPhone Developer";
				COPY_PHASE_STRIP = NO;
				DEBUG_INFORMATION_FORMAT = "dwarf-with-dsym";
				ENABLE_NS_ASSERTIONS = NO;
				ENABLE_STRICT_OBJC_MSGSEND = YES;
				GCC_C_LANGUAGE_STANDARD = gnu99;
				GCC_NO_COMMON_BLOCKS = YES;
				GCC_WARN_64_TO_32_BIT_CONVERSION = YES;
				GCC_WARN_ABOUT_RETURN_TYPE = YES_ERROR;
				GCC_WARN_UNDECLARED_SELECTOR = YES;
				GCC_WARN_UNINITIALIZED_AUTOS = YES_AGGRESSIVE;
				GCC_WARN_UNUSED_FUNCTION = YES;
				GCC_WARN_UNUSED_VARIABLE = YES;
				IPHONEOS_DEPLOYMENT_TARGET = 9.0;
				MTL_ENABLE_DEBUG_INFO = NO;
				SDKROOT = iphoneos;
				SWIFT_OPTIMIZATION_LEVEL = "-Owholemodule";
				VALIDATE_PRODUCT = YES;
			};
			name = Release;
		};
		D838CD211DD20CF1002AE07B /* Debug */ = {
			isa = XCBuildConfiguration;
			buildSettings = {
				ASSETCATALOG_COMPILER_APPICON_NAME = AppIcon;
				DEVELOPMENT_TEAM = 73S8PFBWGP;
				FRAMEWORK_SEARCH_PATHS = (
					"$(inherited)",
					"$(PROJECT_DIR)/Carthage/Build/iOS",
				);
				INFOPLIST_FILE = LocalLeaders/Info.plist;
				LD_RUNPATH_SEARCH_PATHS = "$(inherited) @executable_path/Frameworks";
				PRODUCT_BUNDLE_IDENTIFIER = com.mav.LocalLeaders;
				PRODUCT_NAME = "$(TARGET_NAME)";
				SWIFT_VERSION = 3.0;
			};
			name = Debug;
		};
		D838CD221DD20CF1002AE07B /* Release */ = {
			isa = XCBuildConfiguration;
			buildSettings = {
				ASSETCATALOG_COMPILER_APPICON_NAME = AppIcon;
				DEVELOPMENT_TEAM = 73S8PFBWGP;
				FRAMEWORK_SEARCH_PATHS = (
					"$(inherited)",
					"$(PROJECT_DIR)/Carthage/Build/iOS",
				);
				INFOPLIST_FILE = LocalLeaders/Info.plist;
				LD_RUNPATH_SEARCH_PATHS = "$(inherited) @executable_path/Frameworks";
				PRODUCT_BUNDLE_IDENTIFIER = com.mav.LocalLeaders;
				PRODUCT_NAME = "$(TARGET_NAME)";
				SWIFT_VERSION = 3.0;
			};
			name = Release;
		};
		D838CD241DD20CF1002AE07B /* Debug */ = {
			isa = XCBuildConfiguration;
			buildSettings = {
				ALWAYS_EMBED_SWIFT_STANDARD_LIBRARIES = YES;
				BUNDLE_LOADER = "$(TEST_HOST)";
				DEVELOPMENT_TEAM = 73S8PFBWGP;
				INFOPLIST_FILE = LocalLeadersTests/Info.plist;
				LD_RUNPATH_SEARCH_PATHS = "$(inherited) @executable_path/Frameworks @loader_path/Frameworks";
				PRODUCT_BUNDLE_IDENTIFIER = com.mav.LocalLeadersTests;
				PRODUCT_NAME = "$(TARGET_NAME)";
				SWIFT_VERSION = 3.0;
				TEST_HOST = "$(BUILT_PRODUCTS_DIR)/LocalLeaders.app/LocalLeaders";
			};
			name = Debug;
		};
		D838CD251DD20CF1002AE07B /* Release */ = {
			isa = XCBuildConfiguration;
			buildSettings = {
				ALWAYS_EMBED_SWIFT_STANDARD_LIBRARIES = YES;
				BUNDLE_LOADER = "$(TEST_HOST)";
				DEVELOPMENT_TEAM = 73S8PFBWGP;
				INFOPLIST_FILE = LocalLeadersTests/Info.plist;
				LD_RUNPATH_SEARCH_PATHS = "$(inherited) @executable_path/Frameworks @loader_path/Frameworks";
				PRODUCT_BUNDLE_IDENTIFIER = com.mav.LocalLeadersTests;
				PRODUCT_NAME = "$(TARGET_NAME)";
				SWIFT_VERSION = 3.0;
				TEST_HOST = "$(BUILT_PRODUCTS_DIR)/LocalLeaders.app/LocalLeaders";
			};
			name = Release;
		};
		D838CD271DD20CF1002AE07B /* Debug */ = {
			isa = XCBuildConfiguration;
			buildSettings = {
				ALWAYS_EMBED_SWIFT_STANDARD_LIBRARIES = YES;
				DEVELOPMENT_TEAM = 73S8PFBWGP;
				INFOPLIST_FILE = LocalLeadersUITests/Info.plist;
				LD_RUNPATH_SEARCH_PATHS = "$(inherited) @executable_path/Frameworks @loader_path/Frameworks";
				PRODUCT_BUNDLE_IDENTIFIER = com.mav.LocalLeadersUITests;
				PRODUCT_NAME = "$(TARGET_NAME)";
				SWIFT_VERSION = 3.0;
				TEST_TARGET_NAME = LocalLeaders;
			};
			name = Debug;
		};
		D838CD281DD20CF1002AE07B /* Release */ = {
			isa = XCBuildConfiguration;
			buildSettings = {
				ALWAYS_EMBED_SWIFT_STANDARD_LIBRARIES = YES;
				DEVELOPMENT_TEAM = 73S8PFBWGP;
				INFOPLIST_FILE = LocalLeadersUITests/Info.plist;
				LD_RUNPATH_SEARCH_PATHS = "$(inherited) @executable_path/Frameworks @loader_path/Frameworks";
				PRODUCT_BUNDLE_IDENTIFIER = com.mav.LocalLeadersUITests;
				PRODUCT_NAME = "$(TARGET_NAME)";
				SWIFT_VERSION = 3.0;
				TEST_TARGET_NAME = LocalLeaders;
			};
			name = Release;
		};
/* End XCBuildConfiguration section */

/* Begin XCConfigurationList section */
		D838CCF11DD20CF0002AE07B /* Build configuration list for PBXProject "LocalLeaders" */ = {
			isa = XCConfigurationList;
			buildConfigurations = (
				D838CD1E1DD20CF1002AE07B /* Debug */,
				D838CD1F1DD20CF1002AE07B /* Release */,
			);
			defaultConfigurationIsVisible = 0;
			defaultConfigurationName = Release;
		};
		D838CD201DD20CF1002AE07B /* Build configuration list for PBXNativeTarget "LocalLeaders" */ = {
			isa = XCConfigurationList;
			buildConfigurations = (
				D838CD211DD20CF1002AE07B /* Debug */,
				D838CD221DD20CF1002AE07B /* Release */,
			);
			defaultConfigurationIsVisible = 0;
			defaultConfigurationName = Release;
		};
		D838CD231DD20CF1002AE07B /* Build configuration list for PBXNativeTarget "LocalLeadersTests" */ = {
			isa = XCConfigurationList;
			buildConfigurations = (
				D838CD241DD20CF1002AE07B /* Debug */,
				D838CD251DD20CF1002AE07B /* Release */,
			);
			defaultConfigurationIsVisible = 0;
			defaultConfigurationName = Release;
		};
		D838CD261DD20CF1002AE07B /* Build configuration list for PBXNativeTarget "LocalLeadersUITests" */ = {
			isa = XCConfigurationList;
			buildConfigurations = (
				D838CD271DD20CF1002AE07B /* Debug */,
				D838CD281DD20CF1002AE07B /* Release */,
			);
			defaultConfigurationIsVisible = 0;
			defaultConfigurationName = Release;
		};
/* End XCConfigurationList section */
	};
	rootObject = D838CCEE1DD20CF0002AE07B /* Project object */;
}
